// !$*UTF8*$!
{
	archiveVersion = 1;
	classes = {
	};
	objectVersion = 55;
	objects = {

/* Begin PBXBuildFile section */
		AB13553E28780D52003AAEE6 /* UIAlertController+GMLAdd.h in Headers */ = {isa = PBXBuildFile; fileRef = AB13553C28780D51003AAEE6 /* UIAlertController+GMLAdd.h */; settings = {ATTRIBUTES = (Public, ); }; };
		AB13553F28780D52003AAEE6 /* UIAlertController+GMLAdd.m in Sources */ = {isa = PBXBuildFile; fileRef = AB13553D28780D51003AAEE6 /* UIAlertController+GMLAdd.m */; };
		AB13554528780E25003AAEE6 /* GMLAlertConfigurationProtocol.h in Headers */ = {isa = PBXBuildFile; fileRef = AB13554428780E25003AAEE6 /* GMLAlertConfigurationProtocol.h */; };
		AB22DF9B2884FBF600181E48 /* AppDelegate.m in Sources */ = {isa = PBXBuildFile; fileRef = AB22DF9A2884FBF600181E48 /* AppDelegate.m */; };
		AB22DF9E2884FBF600181E48 /* SceneDelegate.m in Sources */ = {isa = PBXBuildFile; fileRef = AB22DF9D2884FBF600181E48 /* SceneDelegate.m */; };
		AB22DFA12884FBF600181E48 /* ViewController.m in Sources */ = {isa = PBXBuildFile; fileRef = AB22DFA02884FBF600181E48 /* ViewController.m */; };
		AB22DFA42884FBF600181E48 /* Main.storyboard in Resources */ = {isa = PBXBuildFile; fileRef = AB22DFA22884FBF600181E48 /* Main.storyboard */; };
		AB22DFA62884FBF900181E48 /* Assets.xcassets in Resources */ = {isa = PBXBuildFile; fileRef = AB22DFA52884FBF900181E48 /* Assets.xcassets */; };
		AB22DFA92884FBF900181E48 /* LaunchScreen.storyboard in Resources */ = {isa = PBXBuildFile; fileRef = AB22DFA72884FBF900181E48 /* LaunchScreen.storyboard */; };
		AB22DFAC2884FBF900181E48 /* main.m in Sources */ = {isa = PBXBuildFile; fileRef = AB22DFAB2884FBF900181E48 /* main.m */; };
		AB22DFB62884FBF900181E48 /* GMLTestTests.m in Sources */ = {isa = PBXBuildFile; fileRef = AB22DFB52884FBF900181E48 /* GMLTestTests.m */; };
		AB22DFC02884FBF900181E48 /* GMLTestUITests.m in Sources */ = {isa = PBXBuildFile; fileRef = AB22DFBF2884FBF900181E48 /* GMLTestUITests.m */; };
		AB22DFC22884FBF900181E48 /* GMLTestUITestsLaunchTests.m in Sources */ = {isa = PBXBuildFile; fileRef = AB22DFC12884FBF900181E48 /* GMLTestUITestsLaunchTests.m */; };
		AB22DFD3288502AB00181E48 /* GMLTimerAdapter.m in Sources */ = {isa = PBXBuildFile; fileRef = AB46BB5D2881464400C3B30B /* GMLTimerAdapter.m */; };
		AB46BB5E2881464400C3B30B /* GMLTimerAdapter.h in Headers */ = {isa = PBXBuildFile; fileRef = AB46BB5C2881464400C3B30B /* GMLTimerAdapter.h */; settings = {ATTRIBUTES = (Public, ); }; };
		AB46BB5F2881464400C3B30B /* GMLTimerAdapter.m in Sources */ = {isa = PBXBuildFile; fileRef = AB46BB5D2881464400C3B30B /* GMLTimerAdapter.m */; };
		AB46BB6728814C1C00C3B30B /* GMLTimeConfiguration.h in Headers */ = {isa = PBXBuildFile; fileRef = AB46BB6628814C1C00C3B30B /* GMLTimeConfiguration.h */; settings = {ATTRIBUTES = (Public, ); }; };
		AB9622E9289A598E0052E135 /* CGButton.m in Sources */ = {isa = PBXBuildFile; fileRef = AB9622E7289A598E0052E135 /* CGButton.m */; };
		AB9622EA289A598E0052E135 /* CGButton.h in Headers */ = {isa = PBXBuildFile; fileRef = AB9622E8289A598E0052E135 /* CGButton.h */; settings = {ATTRIBUTES = (Public, ); }; };
		AB9622EC289A5A8E0052E135 /* CGButtonDefinesHeader.h in Headers */ = {isa = PBXBuildFile; fileRef = AB9622EB289A5A0B0052E135 /* CGButtonDefinesHeader.h */; settings = {ATTRIBUTES = (Public, ); }; };
		AB9622F1289A5C0E0052E135 /* UIView+GMLAreaAdd.h in Headers */ = {isa = PBXBuildFile; fileRef = AB9622EF289A5C0E0052E135 /* UIView+GMLAreaAdd.h */; settings = {ATTRIBUTES = (Public, ); }; };
		AB9622F2289A5C0E0052E135 /* UIView+GMLAreaAdd.m in Sources */ = {isa = PBXBuildFile; fileRef = AB9622F0289A5C0E0052E135 /* UIView+GMLAreaAdd.m */; };
		AB96231D289A606D0052E135 /* GMLArrowBubbleControl.h in Headers */ = {isa = PBXBuildFile; fileRef = AB962312289A606C0052E135 /* GMLArrowBubbleControl.h */; settings = {ATTRIBUTES = (Public, ); }; };
		AB96231E289A606D0052E135 /* GMLArrowBubbleControl.m in Sources */ = {isa = PBXBuildFile; fileRef = AB962313289A606C0052E135 /* GMLArrowBubbleControl.m */; };
		AB96231F289A606D0052E135 /* GMLMultiAngleLayer.m in Sources */ = {isa = PBXBuildFile; fileRef = AB962315289A606C0052E135 /* GMLMultiAngleLayer.m */; };
		AB962320289A606D0052E135 /* GMLMultiAngleLayer.h in Headers */ = {isa = PBXBuildFile; fileRef = AB962316289A606C0052E135 /* GMLMultiAngleLayer.h */; settings = {ATTRIBUTES = (Public, ); }; };
		AB962321289A606D0052E135 /* GMLMultiAngleDefineHeader.h in Headers */ = {isa = PBXBuildFile; fileRef = AB962318289A606C0052E135 /* GMLMultiAngleDefineHeader.h */; settings = {ATTRIBUTES = (Public, ); }; };
		AB962322289A606D0052E135 /* GMLMultiAngleProtocol.h in Headers */ = {isa = PBXBuildFile; fileRef = AB96231A289A606C0052E135 /* GMLMultiAngleProtocol.h */; settings = {ATTRIBUTES = (Public, ); }; };
		AB962323289A606D0052E135 /* GMLMultiAngleView.m in Sources */ = {isa = PBXBuildFile; fileRef = AB96231B289A606C0052E135 /* GMLMultiAngleView.m */; };
		AB962324289A606D0052E135 /* GMLMultiAngleView.h in Headers */ = {isa = PBXBuildFile; fileRef = AB96231C289A606C0052E135 /* GMLMultiAngleView.h */; settings = {ATTRIBUTES = (Public, ); }; };
		AB962327289A60DE0052E135 /* GMLLineGradientTypeHeader.h in Headers */ = {isa = PBXBuildFile; fileRef = AB962326289A60DE0052E135 /* GMLLineGradientTypeHeader.h */; settings = {ATTRIBUTES = (Public, ); }; };
		AB96232B289A64A40052E135 /* CGGeometry+GMLAdd.h in Headers */ = {isa = PBXBuildFile; fileRef = AB96232A289A642A0052E135 /* CGGeometry+GMLAdd.h */; settings = {ATTRIBUTES = (Public, ); }; };
		AB96232D289A74930052E135 /* GMLRadianAngle.h in Headers */ = {isa = PBXBuildFile; fileRef = AB96232C289A73F60052E135 /* GMLRadianAngle.h */; settings = {ATTRIBUTES = (Public, ); }; };
		AB962332289A759B0052E135 /* CALayer+GMLAdd.h in Headers */ = {isa = PBXBuildFile; fileRef = AB962330289A759B0052E135 /* CALayer+GMLAdd.h */; settings = {ATTRIBUTES = (Public, ); }; };
		AB962333289A759B0052E135 /* CALayer+GMLAdd.m in Sources */ = {isa = PBXBuildFile; fileRef = AB962331289A759B0052E135 /* CALayer+GMLAdd.m */; };
		AB962339289B57B20052E135 /* GMLMultiAngleHeader.h in Headers */ = {isa = PBXBuildFile; fileRef = AB962338289B57AA0052E135 /* GMLMultiAngleHeader.h */; settings = {ATTRIBUTES = (Public, ); }; };
		AB96233B289B58C50052E135 /* GMLCoreAnimationHeader.h in Headers */ = {isa = PBXBuildFile; fileRef = AB96233A289B58B80052E135 /* GMLCoreAnimationHeader.h */; settings = {ATTRIBUTES = (Public, ); }; };
		AB96233D289B59160052E135 /* GMLCoreGraphicsHeader.h in Headers */ = {isa = PBXBuildFile; fileRef = AB96233C289B58FC0052E135 /* GMLCoreGraphicsHeader.h */; settings = {ATTRIBUTES = (Public, ); }; };
		AB962341289B635B0052E135 /* GMLDataCompareMacro.h in Headers */ = {isa = PBXBuildFile; fileRef = AB96233F289B62C10052E135 /* GMLDataCompareMacro.h */; settings = {ATTRIBUTES = (Public, ); }; };
		AB962342289B63620052E135 /* GMLPropertyMacro.h in Headers */ = {isa = PBXBuildFile; fileRef = AB962340289B63200052E135 /* GMLPropertyMacro.h */; settings = {ATTRIBUTES = (Public, ); }; };
		AB962344289B65030052E135 /* GMLUIKitMacro.h in Headers */ = {isa = PBXBuildFile; fileRef = AB962343289B639D0052E135 /* GMLUIKitMacro.h */; settings = {ATTRIBUTES = (Public, ); }; };
		AB962353289CAC820052E135 /* NSSet+GMLAdd.h in Headers */ = {isa = PBXBuildFile; fileRef = AB962351289CAC810052E135 /* NSSet+GMLAdd.h */; settings = {ATTRIBUTES = (Public, ); }; };
		AB962354289CAC820052E135 /* NSSet+GMLAdd.m in Sources */ = {isa = PBXBuildFile; fileRef = AB962352289CAC810052E135 /* NSSet+GMLAdd.m */; };
		AB96237228A353C90052E135 /* GMLCalendarManager.h in Headers */ = {isa = PBXBuildFile; fileRef = AB96237028A353C60052E135 /* GMLCalendarManager.h */; settings = {ATTRIBUTES = (Public, ); }; };
		AB96237328A353C90052E135 /* GMLCalendarManager.m in Sources */ = {isa = PBXBuildFile; fileRef = AB96237128A353C60052E135 /* GMLCalendarManager.m */; };
		AB96237628A354280052E135 /* GMLDateDefines.m in Sources */ = {isa = PBXBuildFile; fileRef = AB96237528A354280052E135 /* GMLDateDefines.m */; };
		AB96237728A354F10052E135 /* GMLDateDefines.h in Headers */ = {isa = PBXBuildFile; fileRef = AB96237428A353EB0052E135 /* GMLDateDefines.h */; settings = {ATTRIBUTES = (Public, ); }; };
		AB96238928A4A7E50052E135 /* UIColor+GMLAdd.h in Headers */ = {isa = PBXBuildFile; fileRef = AB96238728A4A7E40052E135 /* UIColor+GMLAdd.h */; settings = {ATTRIBUTES = (Public, ); }; };
		AB96238A28A4A7E50052E135 /* UIColor+GMLAdd.m in Sources */ = {isa = PBXBuildFile; fileRef = AB96238828A4A7E40052E135 /* UIColor+GMLAdd.m */; };
		AB96238F28A4AE120052E135 /* NSString+GMLAdd.h in Headers */ = {isa = PBXBuildFile; fileRef = AB96238D28A4AE110052E135 /* NSString+GMLAdd.h */; settings = {ATTRIBUTES = (Public, ); }; };
		AB96239028A4AE120052E135 /* NSString+GMLAdd.m in Sources */ = {isa = PBXBuildFile; fileRef = AB96238E28A4AE110052E135 /* NSString+GMLAdd.m */; };
		AB96239228A4D77F0052E135 /* GMLFoundationExtensionHeader.h in Headers */ = {isa = PBXBuildFile; fileRef = AB96239128A4D6D70052E135 /* GMLFoundationExtensionHeader.h */; settings = {ATTRIBUTES = (Public, ); }; };
		AB96239428A4D8820052E135 /* GMLUIKitExtensionHeader.h in Headers */ = {isa = PBXBuildFile; fileRef = AB96239328A4D8270052E135 /* GMLUIKitExtensionHeader.h */; settings = {ATTRIBUTES = (Public, ); }; };
		AB96239C28A645750052E135 /* CGAffineTransform+GMLAdd.h in Headers */ = {isa = PBXBuildFile; fileRef = AB96239B28A645390052E135 /* CGAffineTransform+GMLAdd.h */; settings = {ATTRIBUTES = (Public, ); }; };
		AB96239F28A646CF0052E135 /* UIEdgeInsets+GMLAdd.h in Headers */ = {isa = PBXBuildFile; fileRef = AB96239E28A645E70052E135 /* UIEdgeInsets+GMLAdd.h */; settings = {ATTRIBUTES = (Public, ); }; };
		AB9623AE28AA39250052E135 /* GMLCalendarManager.m in Sources */ = {isa = PBXBuildFile; fileRef = AB96237128A353C60052E135 /* GMLCalendarManager.m */; };
		AB9623AF28AA392A0052E135 /* GMLDateDefines.m in Sources */ = {isa = PBXBuildFile; fileRef = AB96237528A354280052E135 /* GMLDateDefines.m */; };
		AB9FA538288507AB00A08C7C /* GML_OC.framework in Frameworks */ = {isa = PBXBuildFile; fileRef = ABDB9D6F283B35BA007FDD41 /* GML_OC.framework */; };
		AB9FA539288507AB00A08C7C /* GML_OC.framework in Embed Frameworks */ = {isa = PBXBuildFile; fileRef = ABDB9D6F283B35BA007FDD41 /* GML_OC.framework */; settings = {ATTRIBUTES = (CodeSignOnCopy, RemoveHeadersOnCopy, ); }; };
		AB9FA56C2888005A00A08C7C /* GMLDispatch.h in Headers */ = {isa = PBXBuildFile; fileRef = AB9FA56B2888002F00A08C7C /* GMLDispatch.h */; settings = {ATTRIBUTES = (Public, ); }; };
		AB9FA56E28880D1900A08C7C /* GMLDispatch.m in Sources */ = {isa = PBXBuildFile; fileRef = AB9FA56D28880D1900A08C7C /* GMLDispatch.m */; };
		AB9FA58F288A8E5900A08C7C /* NSArray+GMLAdd.h in Headers */ = {isa = PBXBuildFile; fileRef = AB9FA58D288A8E5900A08C7C /* NSArray+GMLAdd.h */; settings = {ATTRIBUTES = (Public, ); }; };
		AB9FA590288A8E5900A08C7C /* NSArray+GMLAdd.m in Sources */ = {isa = PBXBuildFile; fileRef = AB9FA58E288A8E5900A08C7C /* NSArray+GMLAdd.m */; };
		ABA07A60288E3E320053373B /* GMLMacrosHeader.h in Headers */ = {isa = PBXBuildFile; fileRef = ABDB9DF2283CE3A3007FDD41 /* GMLMacrosHeader.h */; settings = {ATTRIBUTES = (Public, ); }; };
		ABA9BFAC283CF50500EE3F54 /* GML_OC.h in Headers */ = {isa = PBXBuildFile; fileRef = ABDB9D72283B35BA007FDD41 /* GML_OC.h */; settings = {ATTRIBUTES = (Public, ); }; };
		ABB5AF3E28B5C7E70011AAC7 /* GMLDataCompare.h in Headers */ = {isa = PBXBuildFile; fileRef = ABB5AF3C28B5C7E70011AAC7 /* GMLDataCompare.h */; };
		ABB5AF3F28B5C7E70011AAC7 /* GMLDataCompare.m in Sources */ = {isa = PBXBuildFile; fileRef = ABB5AF3D28B5C7E70011AAC7 /* GMLDataCompare.m */; };
		ABB5AF6428B773F80011AAC7 /* Runtime+GMLAdd.m in Sources */ = {isa = PBXBuildFile; fileRef = ABDB9D8B283B3605007FDD41 /* Runtime+GMLAdd.m */; };
		ABB5AFBC28BC91860011AAC7 /* GMLClassInfo.m in Sources */ = {isa = PBXBuildFile; fileRef = ABB5AFBB28BC91860011AAC7 /* GMLClassInfo.m */; };
		ABB5AFC628BDA6850011AAC7 /* GMLPropertyInfo.m in Sources */ = {isa = PBXBuildFile; fileRef = ABB5AFC528BDA6850011AAC7 /* GMLPropertyInfo.m */; };
		ABB5AFCD28BDDFDC0011AAC7 /* GMLIvarInfo.m in Sources */ = {isa = PBXBuildFile; fileRef = ABB5AFCC28BDDFDC0011AAC7 /* GMLIvarInfo.m */; };
		ABB5AFD028BDE2EC0011AAC7 /* GMLMethodInfo.m in Sources */ = {isa = PBXBuildFile; fileRef = ABB5AFCF28BDE2EC0011AAC7 /* GMLMethodInfo.m */; };
		ABB5AFDD28BDFA150011AAC7 /* GMLObjectCompareConfiguration.m in Sources */ = {isa = PBXBuildFile; fileRef = ABB5AFDC28BDFA150011AAC7 /* GMLObjectCompareConfiguration.m */; };
		ABB5AFE328BEF3680011AAC7 /* GMLClassInfo+GMLFilter.m in Sources */ = {isa = PBXBuildFile; fileRef = ABB5AFE228BEF3680011AAC7 /* GMLClassInfo+GMLFilter.m */; };
		ABDB9D74283B35BA007FDD41 /* GML_OC.docc in Sources */ = {isa = PBXBuildFile; fileRef = ABDB9D73283B35BA007FDD41 /* GML_OC.docc */; };
		ABDB9D7A283B35BA007FDD41 /* GML_OC.framework in Frameworks */ = {isa = PBXBuildFile; fileRef = ABDB9D6F283B35BA007FDD41 /* GML_OC.framework */; };
		ABDB9D7F283B35BA007FDD41 /* GML_OCTests.m in Sources */ = {isa = PBXBuildFile; fileRef = ABDB9D7E283B35BA007FDD41 /* GML_OCTests.m */; };
		ABDB9D8C283B3605007FDD41 /* Runtime+GMLAdd.h in Headers */ = {isa = PBXBuildFile; fileRef = ABDB9D8A283B3605007FDD41 /* Runtime+GMLAdd.h */; settings = {ATTRIBUTES = (Public, ); }; };
		ABDB9D8D283B3605007FDD41 /* Runtime+GMLAdd.m in Sources */ = {isa = PBXBuildFile; fileRef = ABDB9D8B283B3605007FDD41 /* Runtime+GMLAdd.m */; };
		ABDB9D95283B5396007FDD41 /* GMLTest.h in Headers */ = {isa = PBXBuildFile; fileRef = ABDB9D93283B5396007FDD41 /* GMLTest.h */; };
		ABDB9D96283B5396007FDD41 /* GMLTest.m in Sources */ = {isa = PBXBuildFile; fileRef = ABDB9D94283B5396007FDD41 /* GMLTest.m */; };
		ABDB9DAD283B5A55007FDD41 /* GMLNavigationController.h in Headers */ = {isa = PBXBuildFile; fileRef = ABDB9DAB283B5A55007FDD41 /* GMLNavigationController.h */; settings = {ATTRIBUTES = (Public, ); }; };
		ABDB9DAE283B5A55007FDD41 /* GMLNavigationController.m in Sources */ = {isa = PBXBuildFile; fileRef = ABDB9DAC283B5A55007FDD41 /* GMLNavigationController.m */; };
		ABDB9DB7283B5D9E007FDD41 /* UIViewController+GMLViewStateAdd.h in Headers */ = {isa = PBXBuildFile; fileRef = ABDB9DB5283B5D9E007FDD41 /* UIViewController+GMLViewStateAdd.h */; };
		ABDB9DB8283B5D9E007FDD41 /* UIViewController+GMLViewStateAdd.m in Sources */ = {isa = PBXBuildFile; fileRef = ABDB9DB6283B5D9E007FDD41 /* UIViewController+GMLViewStateAdd.m */; };
		ABDB9DC1283B64DD007FDD41 /* GMLViewControllerViewStateItem.h in Headers */ = {isa = PBXBuildFile; fileRef = ABDB9DBF283B64DD007FDD41 /* GMLViewControllerViewStateItem.h */; settings = {ATTRIBUTES = (Private, ); }; };
		ABDB9DC2283B64DD007FDD41 /* GMLViewControllerViewStateItem.m in Sources */ = {isa = PBXBuildFile; fileRef = ABDB9DC0283B64DD007FDD41 /* GMLViewControllerViewStateItem.m */; };
		ABDB9DCE283C6E0A007FDD41 /* main.m in Sources */ = {isa = PBXBuildFile; fileRef = ABDB9DCD283C6E0A007FDD41 /* main.m */; };
		ABDB9DD4283C7BE0007FDD41 /* GMLNavigationBarAppearance.h in Headers */ = {isa = PBXBuildFile; fileRef = ABDB9DD2283C7BE0007FDD41 /* GMLNavigationBarAppearance.h */; settings = {ATTRIBUTES = (Public, ); }; };
		ABDB9DD5283C7BE0007FDD41 /* GMLNavigationBarAppearance.m in Sources */ = {isa = PBXBuildFile; fileRef = ABDB9DD3283C7BE0007FDD41 /* GMLNavigationBarAppearance.m */; };
		ABDB9DD9283C7C5B007FDD41 /* GMLNavigationBarAppearanceItem.h in Headers */ = {isa = PBXBuildFile; fileRef = ABDB9DD7283C7C5B007FDD41 /* GMLNavigationBarAppearanceItem.h */; };
		ABDB9DDA283C7C5B007FDD41 /* GMLNavigationBarAppearanceItem.m in Sources */ = {isa = PBXBuildFile; fileRef = ABDB9DD8283C7C5B007FDD41 /* GMLNavigationBarAppearanceItem.m */; };
		ABDB9DE0283C7DE3007FDD41 /* GMLNavigationBarAppearanceManager.h in Headers */ = {isa = PBXBuildFile; fileRef = ABDB9DDE283C7DE3007FDD41 /* GMLNavigationBarAppearanceManager.h */; };
		ABDB9DE1283C7DE3007FDD41 /* GMLNavigationBarAppearanceManager.m in Sources */ = {isa = PBXBuildFile; fileRef = ABDB9DDF283C7DE3007FDD41 /* GMLNavigationBarAppearanceManager.m */; };
		ABDB9DEA283CB6CB007FDD41 /* GMLConfigureNavigationControllerManager.h in Headers */ = {isa = PBXBuildFile; fileRef = ABDB9DE8283CB6CB007FDD41 /* GMLConfigureNavigationControllerManager.h */; };
		ABDB9DEB283CB6CB007FDD41 /* GMLConfigureNavigationControllerManager.m in Sources */ = {isa = PBXBuildFile; fileRef = ABDB9DE9283CB6CB007FDD41 /* GMLConfigureNavigationControllerManager.m */; };
		ABDB9DED283CDC23007FDD41 /* GMLConfigureNavigationControllerProtocol.h in Headers */ = {isa = PBXBuildFile; fileRef = ABDB9DDC283C7C89007FDD41 /* GMLConfigureNavigationControllerProtocol.h */; settings = {ATTRIBUTES = (Public, ); }; };
		ABDB9DEE283CDC48007FDD41 /* GMLConfigureNavigationControllerDefines.h in Headers */ = {isa = PBXBuildFile; fileRef = ABDB9DEC283CB818007FDD41 /* GMLConfigureNavigationControllerDefines.h */; };
		ABDB9DEF283CDC54007FDD41 /* GMLViewControllerViewStateDefine.h in Headers */ = {isa = PBXBuildFile; fileRef = ABDB9DC3283B659F007FDD41 /* GMLViewControllerViewStateDefine.h */; };
		ABDB9DF0283CDE43007FDD41 /* GMLNavigationBarAppearanceProtocol.h in Headers */ = {isa = PBXBuildFile; fileRef = ABDB9DE6283CAFD9007FDD41 /* GMLNavigationBarAppearanceProtocol.h */; settings = {ATTRIBUTES = (Public, ); }; };
		ABDE332928AB390200E7E7CB /* GMLOperation.h in Headers */ = {isa = PBXBuildFile; fileRef = ABDE332728AB390200E7E7CB /* GMLOperation.h */; };
		ABDE332A28AB390200E7E7CB /* GMLOperation.m in Sources */ = {isa = PBXBuildFile; fileRef = ABDE332828AB390200E7E7CB /* GMLOperation.m */; };
/* End PBXBuildFile section */

/* Begin PBXContainerItemProxy section */
		AB22DFB22884FBF900181E48 /* PBXContainerItemProxy */ = {
			isa = PBXContainerItemProxy;
			containerPortal = ABDB9D66283B35BA007FDD41 /* Project object */;
			proxyType = 1;
			remoteGlobalIDString = AB22DF962884FBF600181E48;
			remoteInfo = GMLTest;
		};
		AB22DFBC2884FBF900181E48 /* PBXContainerItemProxy */ = {
			isa = PBXContainerItemProxy;
			containerPortal = ABDB9D66283B35BA007FDD41 /* Project object */;
			proxyType = 1;
			remoteGlobalIDString = AB22DF962884FBF600181E48;
			remoteInfo = GMLTest;
		};
		AB22DFCC2884FC1E00181E48 /* PBXContainerItemProxy */ = {
			isa = PBXContainerItemProxy;
			containerPortal = ABDB9D66283B35BA007FDD41 /* Project object */;
			proxyType = 1;
			remoteGlobalIDString = ABDB9D6E283B35BA007FDD41;
			remoteInfo = "GML-OC";
		};
		ABDB9D7B283B35BA007FDD41 /* PBXContainerItemProxy */ = {
			isa = PBXContainerItemProxy;
			containerPortal = ABDB9D66283B35BA007FDD41 /* Project object */;
			proxyType = 1;
			remoteGlobalIDString = ABDB9D6E283B35BA007FDD41;
			remoteInfo = "GML-OC";
		};
/* End PBXContainerItemProxy section */

/* Begin PBXCopyFilesBuildPhase section */
		AB9FA53A288507AB00A08C7C /* Embed Frameworks */ = {
			isa = PBXCopyFilesBuildPhase;
			buildActionMask = 2147483647;
			dstPath = "";
			dstSubfolderSpec = 10;
			files = (
				AB9FA539288507AB00A08C7C /* GML_OC.framework in Embed Frameworks */,
			);
			name = "Embed Frameworks";
			runOnlyForDeploymentPostprocessing = 0;
		};
		ABDB9DC9283C6E0A007FDD41 /* CopyFiles */ = {
			isa = PBXCopyFilesBuildPhase;
			buildActionMask = 2147483647;
			dstPath = /usr/share/man/man1/;
			dstSubfolderSpec = 0;
			files = (
			);
			runOnlyForDeploymentPostprocessing = 1;
		};
/* End PBXCopyFilesBuildPhase section */

/* Begin PBXFileReference section */
		AB13553C28780D51003AAEE6 /* UIAlertController+GMLAdd.h */ = {isa = PBXFileReference; lastKnownFileType = sourcecode.c.h; path = "UIAlertController+GMLAdd.h"; sourceTree = "<group>"; };
		AB13553D28780D51003AAEE6 /* UIAlertController+GMLAdd.m */ = {isa = PBXFileReference; lastKnownFileType = sourcecode.c.objc; path = "UIAlertController+GMLAdd.m"; sourceTree = "<group>"; };
		AB13554428780E25003AAEE6 /* GMLAlertConfigurationProtocol.h */ = {isa = PBXFileReference; lastKnownFileType = sourcecode.c.h; path = GMLAlertConfigurationProtocol.h; sourceTree = "<group>"; };
		AB22DF972884FBF600181E48 /* GMLTest.app */ = {isa = PBXFileReference; explicitFileType = wrapper.application; includeInIndex = 0; path = GMLTest.app; sourceTree = BUILT_PRODUCTS_DIR; };
		AB22DF992884FBF600181E48 /* AppDelegate.h */ = {isa = PBXFileReference; lastKnownFileType = sourcecode.c.h; path = AppDelegate.h; sourceTree = "<group>"; };
		AB22DF9A2884FBF600181E48 /* AppDelegate.m */ = {isa = PBXFileReference; lastKnownFileType = sourcecode.c.objc; path = AppDelegate.m; sourceTree = "<group>"; };
		AB22DF9C2884FBF600181E48 /* SceneDelegate.h */ = {isa = PBXFileReference; lastKnownFileType = sourcecode.c.h; path = SceneDelegate.h; sourceTree = "<group>"; };
		AB22DF9D2884FBF600181E48 /* SceneDelegate.m */ = {isa = PBXFileReference; lastKnownFileType = sourcecode.c.objc; path = SceneDelegate.m; sourceTree = "<group>"; };
		AB22DF9F2884FBF600181E48 /* ViewController.h */ = {isa = PBXFileReference; lastKnownFileType = sourcecode.c.h; path = ViewController.h; sourceTree = "<group>"; };
		AB22DFA02884FBF600181E48 /* ViewController.m */ = {isa = PBXFileReference; lastKnownFileType = sourcecode.c.objc; path = ViewController.m; sourceTree = "<group>"; };
		AB22DFA32884FBF600181E48 /* Base */ = {isa = PBXFileReference; lastKnownFileType = file.storyboard; name = Base; path = Base.lproj/Main.storyboard; sourceTree = "<group>"; };
		AB22DFA52884FBF900181E48 /* Assets.xcassets */ = {isa = PBXFileReference; lastKnownFileType = folder.assetcatalog; path = Assets.xcassets; sourceTree = "<group>"; };
		AB22DFA82884FBF900181E48 /* Base */ = {isa = PBXFileReference; lastKnownFileType = file.storyboard; name = Base; path = Base.lproj/LaunchScreen.storyboard; sourceTree = "<group>"; };
		AB22DFAA2884FBF900181E48 /* Info.plist */ = {isa = PBXFileReference; lastKnownFileType = text.plist.xml; path = Info.plist; sourceTree = "<group>"; };
		AB22DFAB2884FBF900181E48 /* main.m */ = {isa = PBXFileReference; lastKnownFileType = sourcecode.c.objc; path = main.m; sourceTree = "<group>"; };
		AB22DFB12884FBF900181E48 /* GMLTestTests.xctest */ = {isa = PBXFileReference; explicitFileType = wrapper.cfbundle; includeInIndex = 0; path = GMLTestTests.xctest; sourceTree = BUILT_PRODUCTS_DIR; };
		AB22DFB52884FBF900181E48 /* GMLTestTests.m */ = {isa = PBXFileReference; lastKnownFileType = sourcecode.c.objc; path = GMLTestTests.m; sourceTree = "<group>"; };
		AB22DFBB2884FBF900181E48 /* GMLTestUITests.xctest */ = {isa = PBXFileReference; explicitFileType = wrapper.cfbundle; includeInIndex = 0; path = GMLTestUITests.xctest; sourceTree = BUILT_PRODUCTS_DIR; };
		AB22DFBF2884FBF900181E48 /* GMLTestUITests.m */ = {isa = PBXFileReference; lastKnownFileType = sourcecode.c.objc; path = GMLTestUITests.m; sourceTree = "<group>"; };
		AB22DFC12884FBF900181E48 /* GMLTestUITestsLaunchTests.m */ = {isa = PBXFileReference; lastKnownFileType = sourcecode.c.objc; path = GMLTestUITestsLaunchTests.m; sourceTree = "<group>"; };
		AB46BB5C2881464400C3B30B /* GMLTimerAdapter.h */ = {isa = PBXFileReference; lastKnownFileType = sourcecode.c.h; path = GMLTimerAdapter.h; sourceTree = "<group>"; };
		AB46BB5D2881464400C3B30B /* GMLTimerAdapter.m */ = {isa = PBXFileReference; lastKnownFileType = sourcecode.c.objc; path = GMLTimerAdapter.m; sourceTree = "<group>"; };
		AB46BB6628814C1C00C3B30B /* GMLTimeConfiguration.h */ = {isa = PBXFileReference; lastKnownFileType = sourcecode.c.h; path = GMLTimeConfiguration.h; sourceTree = "<group>"; };
		AB9622E7289A598E0052E135 /* CGButton.m */ = {isa = PBXFileReference; fileEncoding = 4; lastKnownFileType = sourcecode.c.objc; path = CGButton.m; sourceTree = "<group>"; };
		AB9622E8289A598E0052E135 /* CGButton.h */ = {isa = PBXFileReference; fileEncoding = 4; lastKnownFileType = sourcecode.c.h; path = CGButton.h; sourceTree = "<group>"; };
		AB9622EB289A5A0B0052E135 /* CGButtonDefinesHeader.h */ = {isa = PBXFileReference; lastKnownFileType = sourcecode.c.h; path = CGButtonDefinesHeader.h; sourceTree = "<group>"; };
		AB9622EF289A5C0E0052E135 /* UIView+GMLAreaAdd.h */ = {isa = PBXFileReference; lastKnownFileType = sourcecode.c.h; path = "UIView+GMLAreaAdd.h"; sourceTree = "<group>"; };
		AB9622F0289A5C0E0052E135 /* UIView+GMLAreaAdd.m */ = {isa = PBXFileReference; lastKnownFileType = sourcecode.c.objc; path = "UIView+GMLAreaAdd.m"; sourceTree = "<group>"; };
		AB962312289A606C0052E135 /* GMLArrowBubbleControl.h */ = {isa = PBXFileReference; fileEncoding = 4; lastKnownFileType = sourcecode.c.h; path = GMLArrowBubbleControl.h; sourceTree = "<group>"; };
		AB962313289A606C0052E135 /* GMLArrowBubbleControl.m */ = {isa = PBXFileReference; fileEncoding = 4; lastKnownFileType = sourcecode.c.objc; path = GMLArrowBubbleControl.m; sourceTree = "<group>"; };
		AB962315289A606C0052E135 /* GMLMultiAngleLayer.m */ = {isa = PBXFileReference; fileEncoding = 4; lastKnownFileType = sourcecode.c.objc; path = GMLMultiAngleLayer.m; sourceTree = "<group>"; };
		AB962316289A606C0052E135 /* GMLMultiAngleLayer.h */ = {isa = PBXFileReference; fileEncoding = 4; lastKnownFileType = sourcecode.c.h; path = GMLMultiAngleLayer.h; sourceTree = "<group>"; };
		AB962318289A606C0052E135 /* GMLMultiAngleDefineHeader.h */ = {isa = PBXFileReference; fileEncoding = 4; lastKnownFileType = sourcecode.c.h; path = GMLMultiAngleDefineHeader.h; sourceTree = "<group>"; };
		AB96231A289A606C0052E135 /* GMLMultiAngleProtocol.h */ = {isa = PBXFileReference; fileEncoding = 4; lastKnownFileType = sourcecode.c.h; path = GMLMultiAngleProtocol.h; sourceTree = "<group>"; };
		AB96231B289A606C0052E135 /* GMLMultiAngleView.m */ = {isa = PBXFileReference; fileEncoding = 4; lastKnownFileType = sourcecode.c.objc; name = GMLMultiAngleView.m; path = ../../../../../ymmainapp/QuickAskCommunity/QuickAskCommunity/Classes/Module/Public/View/YMViews/MultiAngle/GMLMultiAngleView.m; sourceTree = "<group>"; };
		AB96231C289A606C0052E135 /* GMLMultiAngleView.h */ = {isa = PBXFileReference; fileEncoding = 4; lastKnownFileType = sourcecode.c.h; name = GMLMultiAngleView.h; path = ../../../../../ymmainapp/QuickAskCommunity/QuickAskCommunity/Classes/Module/Public/View/YMViews/MultiAngle/GMLMultiAngleView.h; sourceTree = "<group>"; };
		AB962326289A60DE0052E135 /* GMLLineGradientTypeHeader.h */ = {isa = PBXFileReference; fileEncoding = 4; lastKnownFileType = sourcecode.c.h; path = GMLLineGradientTypeHeader.h; sourceTree = "<group>"; };
		AB96232A289A642A0052E135 /* CGGeometry+GMLAdd.h */ = {isa = PBXFileReference; lastKnownFileType = sourcecode.c.h; path = "CGGeometry+GMLAdd.h"; sourceTree = "<group>"; };
		AB96232C289A73F60052E135 /* GMLRadianAngle.h */ = {isa = PBXFileReference; lastKnownFileType = sourcecode.c.h; path = GMLRadianAngle.h; sourceTree = "<group>"; };
		AB962330289A759B0052E135 /* CALayer+GMLAdd.h */ = {isa = PBXFileReference; lastKnownFileType = sourcecode.c.h; path = "CALayer+GMLAdd.h"; sourceTree = "<group>"; };
		AB962331289A759B0052E135 /* CALayer+GMLAdd.m */ = {isa = PBXFileReference; lastKnownFileType = sourcecode.c.objc; path = "CALayer+GMLAdd.m"; sourceTree = "<group>"; };
		AB962338289B57AA0052E135 /* GMLMultiAngleHeader.h */ = {isa = PBXFileReference; lastKnownFileType = sourcecode.c.h; path = GMLMultiAngleHeader.h; sourceTree = "<group>"; };
		AB96233A289B58B80052E135 /* GMLCoreAnimationHeader.h */ = {isa = PBXFileReference; lastKnownFileType = sourcecode.c.h; path = GMLCoreAnimationHeader.h; sourceTree = "<group>"; };
		AB96233C289B58FC0052E135 /* GMLCoreGraphicsHeader.h */ = {isa = PBXFileReference; lastKnownFileType = sourcecode.c.h; path = GMLCoreGraphicsHeader.h; sourceTree = "<group>"; };
		AB96233F289B62C10052E135 /* GMLDataCompareMacro.h */ = {isa = PBXFileReference; lastKnownFileType = sourcecode.c.h; path = GMLDataCompareMacro.h; sourceTree = "<group>"; };
		AB962340289B63200052E135 /* GMLPropertyMacro.h */ = {isa = PBXFileReference; lastKnownFileType = sourcecode.c.h; path = GMLPropertyMacro.h; sourceTree = "<group>"; };
		AB962343289B639D0052E135 /* GMLUIKitMacro.h */ = {isa = PBXFileReference; lastKnownFileType = sourcecode.c.h; path = GMLUIKitMacro.h; sourceTree = "<group>"; };
		AB962351289CAC810052E135 /* NSSet+GMLAdd.h */ = {isa = PBXFileReference; lastKnownFileType = sourcecode.c.h; path = "NSSet+GMLAdd.h"; sourceTree = "<group>"; };
		AB962352289CAC810052E135 /* NSSet+GMLAdd.m */ = {isa = PBXFileReference; lastKnownFileType = sourcecode.c.objc; path = "NSSet+GMLAdd.m"; sourceTree = "<group>"; };
		AB96237028A353C60052E135 /* GMLCalendarManager.h */ = {isa = PBXFileReference; fileEncoding = 4; lastKnownFileType = sourcecode.c.h; path = GMLCalendarManager.h; sourceTree = "<group>"; };
		AB96237128A353C60052E135 /* GMLCalendarManager.m */ = {isa = PBXFileReference; fileEncoding = 4; lastKnownFileType = sourcecode.c.objc; path = GMLCalendarManager.m; sourceTree = "<group>"; };
		AB96237428A353EB0052E135 /* GMLDateDefines.h */ = {isa = PBXFileReference; lastKnownFileType = sourcecode.c.h; path = GMLDateDefines.h; sourceTree = "<group>"; };
		AB96237528A354280052E135 /* GMLDateDefines.m */ = {isa = PBXFileReference; lastKnownFileType = sourcecode.c.objc; path = GMLDateDefines.m; sourceTree = "<group>"; };
		AB96238728A4A7E40052E135 /* UIColor+GMLAdd.h */ = {isa = PBXFileReference; lastKnownFileType = sourcecode.c.h; path = "UIColor+GMLAdd.h"; sourceTree = "<group>"; };
		AB96238828A4A7E40052E135 /* UIColor+GMLAdd.m */ = {isa = PBXFileReference; lastKnownFileType = sourcecode.c.objc; path = "UIColor+GMLAdd.m"; sourceTree = "<group>"; };
		AB96238D28A4AE110052E135 /* NSString+GMLAdd.h */ = {isa = PBXFileReference; lastKnownFileType = sourcecode.c.h; path = "NSString+GMLAdd.h"; sourceTree = "<group>"; };
		AB96238E28A4AE110052E135 /* NSString+GMLAdd.m */ = {isa = PBXFileReference; lastKnownFileType = sourcecode.c.objc; path = "NSString+GMLAdd.m"; sourceTree = "<group>"; };
		AB96239128A4D6D70052E135 /* GMLFoundationExtensionHeader.h */ = {isa = PBXFileReference; lastKnownFileType = sourcecode.c.h; path = GMLFoundationExtensionHeader.h; sourceTree = "<group>"; };
		AB96239328A4D8270052E135 /* GMLUIKitExtensionHeader.h */ = {isa = PBXFileReference; lastKnownFileType = sourcecode.c.h; path = GMLUIKitExtensionHeader.h; sourceTree = "<group>"; };
		AB96239B28A645390052E135 /* CGAffineTransform+GMLAdd.h */ = {isa = PBXFileReference; lastKnownFileType = sourcecode.c.h; path = "CGAffineTransform+GMLAdd.h"; sourceTree = "<group>"; };
		AB96239E28A645E70052E135 /* UIEdgeInsets+GMLAdd.h */ = {isa = PBXFileReference; lastKnownFileType = sourcecode.c.h; path = "UIEdgeInsets+GMLAdd.h"; sourceTree = "<group>"; };
		AB9FA56B2888002F00A08C7C /* GMLDispatch.h */ = {isa = PBXFileReference; lastKnownFileType = sourcecode.c.h; path = GMLDispatch.h; sourceTree = "<group>"; };
		AB9FA56D28880D1900A08C7C /* GMLDispatch.m */ = {isa = PBXFileReference; lastKnownFileType = sourcecode.c.objc; path = GMLDispatch.m; sourceTree = "<group>"; };
		AB9FA58D288A8E5900A08C7C /* NSArray+GMLAdd.h */ = {isa = PBXFileReference; lastKnownFileType = sourcecode.c.h; path = "NSArray+GMLAdd.h"; sourceTree = "<group>"; };
		AB9FA58E288A8E5900A08C7C /* NSArray+GMLAdd.m */ = {isa = PBXFileReference; lastKnownFileType = sourcecode.c.objc; path = "NSArray+GMLAdd.m"; sourceTree = "<group>"; };
		ABB5AF3C28B5C7E70011AAC7 /* GMLDataCompare.h */ = {isa = PBXFileReference; lastKnownFileType = sourcecode.c.h; path = GMLDataCompare.h; sourceTree = "<group>"; };
		ABB5AF3D28B5C7E70011AAC7 /* GMLDataCompare.m */ = {isa = PBXFileReference; lastKnownFileType = sourcecode.c.objc; path = GMLDataCompare.m; sourceTree = "<group>"; };
		ABB5AF6D28B8AE380011AAC7 /* GMLRuntimeDefines.h */ = {isa = PBXFileReference; lastKnownFileType = sourcecode.c.h; path = GMLRuntimeDefines.h; sourceTree = "<group>"; };
		ABB5AFBA28BC91860011AAC7 /* GMLClassInfo.h */ = {isa = PBXFileReference; lastKnownFileType = sourcecode.c.h; path = GMLClassInfo.h; sourceTree = "<group>"; };
		ABB5AFBB28BC91860011AAC7 /* GMLClassInfo.m */ = {isa = PBXFileReference; lastKnownFileType = sourcecode.c.objc; path = GMLClassInfo.m; sourceTree = "<group>"; };
		ABB5AFC428BDA6850011AAC7 /* GMLPropertyInfo.h */ = {isa = PBXFileReference; lastKnownFileType = sourcecode.c.h; path = GMLPropertyInfo.h; sourceTree = "<group>"; };
		ABB5AFC528BDA6850011AAC7 /* GMLPropertyInfo.m */ = {isa = PBXFileReference; lastKnownFileType = sourcecode.c.objc; path = GMLPropertyInfo.m; sourceTree = "<group>"; };
		ABB5AFCA28BDDF870011AAC7 /* GMLRuntimePrivate.h */ = {isa = PBXFileReference; lastKnownFileType = sourcecode.c.h; path = GMLRuntimePrivate.h; sourceTree = "<group>"; };
		ABB5AFCB28BDDFDC0011AAC7 /* GMLIvarInfo.h */ = {isa = PBXFileReference; lastKnownFileType = sourcecode.c.h; path = GMLIvarInfo.h; sourceTree = "<group>"; };
		ABB5AFCC28BDDFDC0011AAC7 /* GMLIvarInfo.m */ = {isa = PBXFileReference; lastKnownFileType = sourcecode.c.objc; path = GMLIvarInfo.m; sourceTree = "<group>"; };
		ABB5AFCE28BDE2EC0011AAC7 /* GMLMethodInfo.h */ = {isa = PBXFileReference; lastKnownFileType = sourcecode.c.h; path = GMLMethodInfo.h; sourceTree = "<group>"; };
		ABB5AFCF28BDE2EC0011AAC7 /* GMLMethodInfo.m */ = {isa = PBXFileReference; lastKnownFileType = sourcecode.c.objc; path = GMLMethodInfo.m; sourceTree = "<group>"; };
		ABB5AFDB28BDFA150011AAC7 /* GMLObjectCompareConfiguration.h */ = {isa = PBXFileReference; lastKnownFileType = sourcecode.c.h; path = GMLObjectCompareConfiguration.h; sourceTree = "<group>"; };
		ABB5AFDC28BDFA150011AAC7 /* GMLObjectCompareConfiguration.m */ = {isa = PBXFileReference; lastKnownFileType = sourcecode.c.objc; path = GMLObjectCompareConfiguration.m; sourceTree = "<group>"; };
		ABB5AFE128BEF3680011AAC7 /* GMLClassInfo+GMLFilter.h */ = {isa = PBXFileReference; lastKnownFileType = sourcecode.c.h; path = "GMLClassInfo+GMLFilter.h"; sourceTree = "<group>"; };
		ABB5AFE228BEF3680011AAC7 /* GMLClassInfo+GMLFilter.m */ = {isa = PBXFileReference; lastKnownFileType = sourcecode.c.objc; path = "GMLClassInfo+GMLFilter.m"; sourceTree = "<group>"; };
		ABDB9D6F283B35BA007FDD41 /* GML_OC.framework */ = {isa = PBXFileReference; explicitFileType = wrapper.framework; includeInIndex = 0; path = GML_OC.framework; sourceTree = BUILT_PRODUCTS_DIR; };
		ABDB9D72283B35BA007FDD41 /* GML_OC.h */ = {isa = PBXFileReference; lastKnownFileType = sourcecode.c.h; path = GML_OC.h; sourceTree = "<group>"; };
		ABDB9D73283B35BA007FDD41 /* GML_OC.docc */ = {isa = PBXFileReference; lastKnownFileType = folder.documentationcatalog; path = GML_OC.docc; sourceTree = "<group>"; };
		ABDB9D79283B35BA007FDD41 /* GML-OCTests.xctest */ = {isa = PBXFileReference; explicitFileType = wrapper.cfbundle; includeInIndex = 0; path = "GML-OCTests.xctest"; sourceTree = BUILT_PRODUCTS_DIR; };
		ABDB9D7E283B35BA007FDD41 /* GML_OCTests.m */ = {isa = PBXFileReference; lastKnownFileType = sourcecode.c.objc; path = GML_OCTests.m; sourceTree = "<group>"; };
		ABDB9D8A283B3605007FDD41 /* Runtime+GMLAdd.h */ = {isa = PBXFileReference; lastKnownFileType = sourcecode.c.h; path = "Runtime+GMLAdd.h"; sourceTree = "<group>"; };
		ABDB9D8B283B3605007FDD41 /* Runtime+GMLAdd.m */ = {isa = PBXFileReference; lastKnownFileType = sourcecode.c.objc; path = "Runtime+GMLAdd.m"; sourceTree = "<group>"; };
		ABDB9D93283B5396007FDD41 /* GMLTest.h */ = {isa = PBXFileReference; lastKnownFileType = sourcecode.c.h; path = GMLTest.h; sourceTree = "<group>"; };
		ABDB9D94283B5396007FDD41 /* GMLTest.m */ = {isa = PBXFileReference; lastKnownFileType = sourcecode.c.objc; path = GMLTest.m; sourceTree = "<group>"; };
		ABDB9DAB283B5A55007FDD41 /* GMLNavigationController.h */ = {isa = PBXFileReference; lastKnownFileType = sourcecode.c.h; path = GMLNavigationController.h; sourceTree = "<group>"; };
		ABDB9DAC283B5A55007FDD41 /* GMLNavigationController.m */ = {isa = PBXFileReference; lastKnownFileType = sourcecode.c.objc; path = GMLNavigationController.m; sourceTree = "<group>"; };
		ABDB9DB5283B5D9E007FDD41 /* UIViewController+GMLViewStateAdd.h */ = {isa = PBXFileReference; lastKnownFileType = sourcecode.c.h; path = "UIViewController+GMLViewStateAdd.h"; sourceTree = "<group>"; };
		ABDB9DB6283B5D9E007FDD41 /* UIViewController+GMLViewStateAdd.m */ = {isa = PBXFileReference; lastKnownFileType = sourcecode.c.objc; path = "UIViewController+GMLViewStateAdd.m"; sourceTree = "<group>"; };
		ABDB9DBF283B64DD007FDD41 /* GMLViewControllerViewStateItem.h */ = {isa = PBXFileReference; lastKnownFileType = sourcecode.c.h; path = GMLViewControllerViewStateItem.h; sourceTree = "<group>"; };
		ABDB9DC0283B64DD007FDD41 /* GMLViewControllerViewStateItem.m */ = {isa = PBXFileReference; lastKnownFileType = sourcecode.c.objc; path = GMLViewControllerViewStateItem.m; sourceTree = "<group>"; };
		ABDB9DC3283B659F007FDD41 /* GMLViewControllerViewStateDefine.h */ = {isa = PBXFileReference; lastKnownFileType = sourcecode.c.h; path = GMLViewControllerViewStateDefine.h; sourceTree = "<group>"; };
		ABDB9DC6283C6CC5007FDD41 /* TestPlayground.playground */ = {isa = PBXFileReference; lastKnownFileType = file.playground; path = TestPlayground.playground; sourceTree = "<group>"; xcLanguageSpecificationIdentifier = xcode.lang.swift; };
		ABDB9DCB283C6E0A007FDD41 /* TestLineCommand */ = {isa = PBXFileReference; explicitFileType = "compiled.mach-o.executable"; includeInIndex = 0; path = TestLineCommand; sourceTree = BUILT_PRODUCTS_DIR; };
		ABDB9DCD283C6E0A007FDD41 /* main.m */ = {isa = PBXFileReference; lastKnownFileType = sourcecode.c.objc; path = main.m; sourceTree = "<group>"; };
		ABDB9DD2283C7BE0007FDD41 /* GMLNavigationBarAppearance.h */ = {isa = PBXFileReference; lastKnownFileType = sourcecode.c.h; path = GMLNavigationBarAppearance.h; sourceTree = "<group>"; };
		ABDB9DD3283C7BE0007FDD41 /* GMLNavigationBarAppearance.m */ = {isa = PBXFileReference; lastKnownFileType = sourcecode.c.objc; path = GMLNavigationBarAppearance.m; sourceTree = "<group>"; };
		ABDB9DD7283C7C5B007FDD41 /* GMLNavigationBarAppearanceItem.h */ = {isa = PBXFileReference; lastKnownFileType = sourcecode.c.h; path = GMLNavigationBarAppearanceItem.h; sourceTree = "<group>"; };
		ABDB9DD8283C7C5B007FDD41 /* GMLNavigationBarAppearanceItem.m */ = {isa = PBXFileReference; lastKnownFileType = sourcecode.c.objc; path = GMLNavigationBarAppearanceItem.m; sourceTree = "<group>"; };
		ABDB9DDC283C7C89007FDD41 /* GMLConfigureNavigationControllerProtocol.h */ = {isa = PBXFileReference; lastKnownFileType = sourcecode.c.h; path = GMLConfigureNavigationControllerProtocol.h; sourceTree = "<group>"; };
		ABDB9DDE283C7DE3007FDD41 /* GMLNavigationBarAppearanceManager.h */ = {isa = PBXFileReference; lastKnownFileType = sourcecode.c.h; path = GMLNavigationBarAppearanceManager.h; sourceTree = "<group>"; };
		ABDB9DDF283C7DE3007FDD41 /* GMLNavigationBarAppearanceManager.m */ = {isa = PBXFileReference; lastKnownFileType = sourcecode.c.objc; path = GMLNavigationBarAppearanceManager.m; sourceTree = "<group>"; };
		ABDB9DE6283CAFD9007FDD41 /* GMLNavigationBarAppearanceProtocol.h */ = {isa = PBXFileReference; lastKnownFileType = sourcecode.c.h; path = GMLNavigationBarAppearanceProtocol.h; sourceTree = "<group>"; };
		ABDB9DE8283CB6CB007FDD41 /* GMLConfigureNavigationControllerManager.h */ = {isa = PBXFileReference; lastKnownFileType = sourcecode.c.h; path = GMLConfigureNavigationControllerManager.h; sourceTree = "<group>"; };
		ABDB9DE9283CB6CB007FDD41 /* GMLConfigureNavigationControllerManager.m */ = {isa = PBXFileReference; lastKnownFileType = sourcecode.c.objc; path = GMLConfigureNavigationControllerManager.m; sourceTree = "<group>"; };
		ABDB9DEC283CB818007FDD41 /* GMLConfigureNavigationControllerDefines.h */ = {isa = PBXFileReference; lastKnownFileType = sourcecode.c.h; path = GMLConfigureNavigationControllerDefines.h; sourceTree = "<group>"; };
		ABDB9DF2283CE3A3007FDD41 /* GMLMacrosHeader.h */ = {isa = PBXFileReference; lastKnownFileType = sourcecode.c.h; path = GMLMacrosHeader.h; sourceTree = "<group>"; };
		ABDE332728AB390200E7E7CB /* GMLOperation.h */ = {isa = PBXFileReference; lastKnownFileType = sourcecode.c.h; path = GMLOperation.h; sourceTree = "<group>"; };
		ABDE332828AB390200E7E7CB /* GMLOperation.m */ = {isa = PBXFileReference; lastKnownFileType = sourcecode.c.objc; path = GMLOperation.m; sourceTree = "<group>"; };
		ABDE332C28AB395400E7E7CB /* GMLOperation+Private.h */ = {isa = PBXFileReference; lastKnownFileType = sourcecode.c.h; path = "GMLOperation+Private.h"; sourceTree = "<group>"; };
/* End PBXFileReference section */

/* Begin PBXFrameworksBuildPhase section */
		AB22DF942884FBF600181E48 /* Frameworks */ = {
			isa = PBXFrameworksBuildPhase;
			buildActionMask = 2147483647;
			files = (
				AB9FA538288507AB00A08C7C /* GML_OC.framework in Frameworks */,
			);
			runOnlyForDeploymentPostprocessing = 0;
		};
		AB22DFAE2884FBF900181E48 /* Frameworks */ = {
			isa = PBXFrameworksBuildPhase;
			buildActionMask = 2147483647;
			files = (
			);
			runOnlyForDeploymentPostprocessing = 0;
		};
		AB22DFB82884FBF900181E48 /* Frameworks */ = {
			isa = PBXFrameworksBuildPhase;
			buildActionMask = 2147483647;
			files = (
			);
			runOnlyForDeploymentPostprocessing = 0;
		};
		ABDB9D6C283B35BA007FDD41 /* Frameworks */ = {
			isa = PBXFrameworksBuildPhase;
			buildActionMask = 2147483647;
			files = (
			);
			runOnlyForDeploymentPostprocessing = 0;
		};
		ABDB9D76283B35BA007FDD41 /* Frameworks */ = {
			isa = PBXFrameworksBuildPhase;
			buildActionMask = 2147483647;
			files = (
				ABDB9D7A283B35BA007FDD41 /* GML_OC.framework in Frameworks */,
			);
			runOnlyForDeploymentPostprocessing = 0;
		};
		ABDB9DC8283C6E0A007FDD41 /* Frameworks */ = {
			isa = PBXFrameworksBuildPhase;
			buildActionMask = 2147483647;
			files = (
			);
			runOnlyForDeploymentPostprocessing = 0;
		};
/* End PBXFrameworksBuildPhase section */

/* Begin PBXGroup section */
		AB13553B28780D3D003AAEE6 /* GMLAlertController */ = {
			isa = PBXGroup;
			children = (
				AB13554128780DEA003AAEE6 /* Internal */,
				AB13554028780DD3003AAEE6 /* Public */,
			);
			path = GMLAlertController;
			sourceTree = "<group>";
		};
		AB13554028780DD3003AAEE6 /* Public */ = {
			isa = PBXGroup;
			children = (
				AB13553C28780D51003AAEE6 /* UIAlertController+GMLAdd.h */,
				AB13553D28780D51003AAEE6 /* UIAlertController+GMLAdd.m */,
				AB13554428780E25003AAEE6 /* GMLAlertConfigurationProtocol.h */,
			);
			path = Public;
			sourceTree = "<group>";
		};
		AB13554128780DEA003AAEE6 /* Internal */ = {
			isa = PBXGroup;
			children = (
				AB13554228780DF1003AAEE6 /* Model */,
			);
			path = Internal;
			sourceTree = "<group>";
		};
		AB13554228780DF1003AAEE6 /* Model */ = {
			isa = PBXGroup;
			children = (
			);
			path = Model;
			sourceTree = "<group>";
		};
		AB22DF982884FBF600181E48 /* GMLTest */ = {
			isa = PBXGroup;
			children = (
				AB22DF992884FBF600181E48 /* AppDelegate.h */,
				AB22DF9A2884FBF600181E48 /* AppDelegate.m */,
				AB22DF9C2884FBF600181E48 /* SceneDelegate.h */,
				AB22DF9D2884FBF600181E48 /* SceneDelegate.m */,
				AB22DF9F2884FBF600181E48 /* ViewController.h */,
				AB22DFA02884FBF600181E48 /* ViewController.m */,
				AB22DFA22884FBF600181E48 /* Main.storyboard */,
				AB22DFA52884FBF900181E48 /* Assets.xcassets */,
				AB22DFA72884FBF900181E48 /* LaunchScreen.storyboard */,
				AB22DFAA2884FBF900181E48 /* Info.plist */,
				AB22DFAB2884FBF900181E48 /* main.m */,
			);
			path = GMLTest;
			sourceTree = "<group>";
		};
		AB22DFB42884FBF900181E48 /* GMLTestTests */ = {
			isa = PBXGroup;
			children = (
				AB22DFB52884FBF900181E48 /* GMLTestTests.m */,
			);
			path = GMLTestTests;
			sourceTree = "<group>";
		};
		AB22DFBE2884FBF900181E48 /* GMLTestUITests */ = {
			isa = PBXGroup;
			children = (
				AB22DFBF2884FBF900181E48 /* GMLTestUITests.m */,
				AB22DFC12884FBF900181E48 /* GMLTestUITestsLaunchTests.m */,
			);
			path = GMLTestUITests;
			sourceTree = "<group>";
		};
		AB22DFCE2884FC2400181E48 /* Frameworks */ = {
			isa = PBXGroup;
			children = (
			);
			name = Frameworks;
			sourceTree = "<group>";
		};
		AB46BB5A2881461800C3B30B /* Foundation */ = {
			isa = PBXGroup;
			children = (
				AB96238C28A4ADFB0052E135 /* Strings&Text */,
				AB96236F28A353660052E135 /* Dates&Timers */,
				AB9FA58C288A8E4800A08C7C /* Collections */,
				AB46BB5B2881462400C3B30B /* Processes&Threads */,
				AB96239128A4D6D70052E135 /* GMLFoundationExtensionHeader.h */,
			);
			path = Foundation;
			sourceTree = "<group>";
		};
		AB46BB5B2881462400C3B30B /* Processes&Threads */ = {
			isa = PBXGroup;
			children = (
				ABDE332628AB38DF00E7E7CB /* Processes */,
				AB46BB6028814BAF00C3B30B /* Timer */,
			);
			path = "Processes&Threads";
			sourceTree = "<group>";
		};
		AB46BB6028814BAF00C3B30B /* Timer */ = {
			isa = PBXGroup;
			children = (
				AB46BB5C2881464400C3B30B /* GMLTimerAdapter.h */,
				AB46BB5D2881464400C3B30B /* GMLTimerAdapter.m */,
				AB46BB6628814C1C00C3B30B /* GMLTimeConfiguration.h */,
			);
			path = Timer;
			sourceTree = "<group>";
		};
		AB9622E6289A59760052E135 /* Button */ = {
			isa = PBXGroup;
			children = (
				AB9622E8289A598E0052E135 /* CGButton.h */,
				AB9622E7289A598E0052E135 /* CGButton.m */,
				AB9622EB289A5A0B0052E135 /* CGButtonDefinesHeader.h */,
			);
			path = Button;
			sourceTree = "<group>";
		};
		AB9622F4289A5CFF0052E135 /* UIView */ = {
			isa = PBXGroup;
			children = (
				AB9622EF289A5C0E0052E135 /* UIView+GMLAreaAdd.h */,
				AB9622F0289A5C0E0052E135 /* UIView+GMLAreaAdd.m */,
			);
			path = UIView;
			sourceTree = "<group>";
		};
		AB9622F5289A5FFF0052E135 /* MultiAngle */ = {
			isa = PBXGroup;
			children = (
				AB962314289A606C0052E135 /* BaseLayer */,
				AB962311289A606C0052E135 /* DetailStyle */,
				AB962317289A606C0052E135 /* Defines */,
				AB962319289A606C0052E135 /* Protocol */,
				AB96231C289A606C0052E135 /* GMLMultiAngleView.h */,
				AB96231B289A606C0052E135 /* GMLMultiAngleView.m */,
				AB962338289B57AA0052E135 /* GMLMultiAngleHeader.h */,
			);
			path = MultiAngle;
			sourceTree = "<group>";
		};
		AB962311289A606C0052E135 /* DetailStyle */ = {
			isa = PBXGroup;
			children = (
				AB962312289A606C0052E135 /* GMLArrowBubbleControl.h */,
				AB962313289A606C0052E135 /* GMLArrowBubbleControl.m */,
			);
			path = DetailStyle;
			sourceTree = "<group>";
		};
		AB962314289A606C0052E135 /* BaseLayer */ = {
			isa = PBXGroup;
			children = (
				AB962316289A606C0052E135 /* GMLMultiAngleLayer.h */,
				AB962315289A606C0052E135 /* GMLMultiAngleLayer.m */,
			);
			path = BaseLayer;
			sourceTree = "<group>";
		};
		AB962317289A606C0052E135 /* Defines */ = {
			isa = PBXGroup;
			children = (
				AB962318289A606C0052E135 /* GMLMultiAngleDefineHeader.h */,
			);
			path = Defines;
			sourceTree = "<group>";
		};
		AB962319289A606C0052E135 /* Protocol */ = {
			isa = PBXGroup;
			children = (
				AB96231A289A606C0052E135 /* GMLMultiAngleProtocol.h */,
			);
			path = Protocol;
			sourceTree = "<group>";
		};
		AB962328289A63DF0052E135 /* CoreGraphics */ = {
			isa = PBXGroup;
			children = (
				AB962329289A63FA0052E135 /* Geometry */,
				AB96233C289B58FC0052E135 /* GMLCoreGraphicsHeader.h */,
			);
			path = CoreGraphics;
			sourceTree = "<group>";
		};
		AB962329289A63FA0052E135 /* Geometry */ = {
			isa = PBXGroup;
			children = (
				AB96232A289A642A0052E135 /* CGGeometry+GMLAdd.h */,
				AB96232C289A73F60052E135 /* GMLRadianAngle.h */,
				AB96239B28A645390052E135 /* CGAffineTransform+GMLAdd.h */,
			);
			path = Geometry;
			sourceTree = "<group>";
		};
		AB96232E289A75590052E135 /* CoreAnimation */ = {
			isa = PBXGroup;
			children = (
				AB962334289A765F0052E135 /* Defines */,
				AB96232F289A75860052E135 /* CAlayer */,
				AB96233A289B58B80052E135 /* GMLCoreAnimationHeader.h */,
			);
			path = CoreAnimation;
			sourceTree = "<group>";
		};
		AB96232F289A75860052E135 /* CAlayer */ = {
			isa = PBXGroup;
			children = (
				AB962330289A759B0052E135 /* CALayer+GMLAdd.h */,
				AB962331289A759B0052E135 /* CALayer+GMLAdd.m */,
			);
			path = CAlayer;
			sourceTree = "<group>";
		};
		AB962334289A765F0052E135 /* Defines */ = {
			isa = PBXGroup;
			children = (
				AB962326289A60DE0052E135 /* GMLLineGradientTypeHeader.h */,
			);
			path = Defines;
			sourceTree = "<group>";
		};
		AB962337289A858A0052E135 /* Base */ = {
			isa = PBXGroup;
			children = (
				AB9622F4289A5CFF0052E135 /* UIView */,
			);
			path = Base;
			sourceTree = "<group>";
		};
		AB96233E289B61DD0052E135 /* Macros */ = {
			isa = PBXGroup;
			children = (
				ABDB9DF2283CE3A3007FDD41 /* GMLMacrosHeader.h */,
				AB96233F289B62C10052E135 /* GMLDataCompareMacro.h */,
				AB962340289B63200052E135 /* GMLPropertyMacro.h */,
				AB962343289B639D0052E135 /* GMLUIKitMacro.h */,
			);
			path = Macros;
			sourceTree = "<group>";
		};
		AB962348289B69310052E135 /* Dispatch */ = {
			isa = PBXGroup;
			children = (
				AB9FA56B2888002F00A08C7C /* GMLDispatch.h */,
				AB9FA56D28880D1900A08C7C /* GMLDispatch.m */,
			);
			path = Dispatch;
			sourceTree = "<group>";
		};
		AB96236F28A353660052E135 /* Dates&Timers */ = {
			isa = PBXGroup;
			children = (
				AB96237028A353C60052E135 /* GMLCalendarManager.h */,
				AB96237128A353C60052E135 /* GMLCalendarManager.m */,
				AB96237428A353EB0052E135 /* GMLDateDefines.h */,
				AB96237528A354280052E135 /* GMLDateDefines.m */,
			);
			path = "Dates&Timers";
			sourceTree = "<group>";
		};
		AB96238628A4A7D00052E135 /* Drawing */ = {
			isa = PBXGroup;
			children = (
				AB96238728A4A7E40052E135 /* UIColor+GMLAdd.h */,
				AB96238828A4A7E40052E135 /* UIColor+GMLAdd.m */,
			);
			path = Drawing;
			sourceTree = "<group>";
		};
		AB96238C28A4ADFB0052E135 /* Strings&Text */ = {
			isa = PBXGroup;
			children = (
				AB96238D28A4AE110052E135 /* NSString+GMLAdd.h */,
				AB96238E28A4AE110052E135 /* NSString+GMLAdd.m */,
			);
			path = "Strings&Text";
			sourceTree = "<group>";
		};
		AB96239D28A645B50052E135 /* Geometry */ = {
			isa = PBXGroup;
			children = (
				AB96239E28A645E70052E135 /* UIEdgeInsets+GMLAdd.h */,
			);
			path = Geometry;
			sourceTree = "<group>";
		};
		AB9FA58C288A8E4800A08C7C /* Collections */ = {
			isa = PBXGroup;
			children = (
				AB9FA58D288A8E5900A08C7C /* NSArray+GMLAdd.h */,
				AB9FA58E288A8E5900A08C7C /* NSArray+GMLAdd.m */,
				AB962351289CAC810052E135 /* NSSet+GMLAdd.h */,
				AB962352289CAC810052E135 /* NSSet+GMLAdd.m */,
			);
			path = Collections;
			sourceTree = "<group>";
		};
		ABB5AF3828B5C1BE0011AAC7 /* Module */ = {
			isa = PBXGroup;
			children = (
				ABB5AF3A28B5C7A00011AAC7 /* Foundation */,
				ABB5AF3928B5C1C90011AAC7 /* UI */,
			);
			path = Module;
			sourceTree = "<group>";
		};
		ABB5AF3928B5C1C90011AAC7 /* UI */ = {
			isa = PBXGroup;
			children = (
				AB9622F5289A5FFF0052E135 /* MultiAngle */,
				ABDB9DAA283B5A3F007FDD41 /* GMLNavigationController */,
			);
			path = UI;
			sourceTree = "<group>";
		};
		ABB5AF3A28B5C7A00011AAC7 /* Foundation */ = {
			isa = PBXGroup;
			children = (
				ABB5AF3B28B5C7B70011AAC7 /* DataCompare */,
			);
			path = Foundation;
			sourceTree = "<group>";
		};
		ABB5AF3B28B5C7B70011AAC7 /* DataCompare */ = {
			isa = PBXGroup;
			children = (
				ABB5AF3C28B5C7E70011AAC7 /* GMLDataCompare.h */,
				ABB5AF3D28B5C7E70011AAC7 /* GMLDataCompare.m */,
			);
			path = DataCompare;
			sourceTree = "<group>";
		};
		ABB5AF6C28B8AE240011AAC7 /* Defines */ = {
			isa = PBXGroup;
			children = (
				ABB5AF6D28B8AE380011AAC7 /* GMLRuntimeDefines.h */,
			);
			path = Defines;
			sourceTree = "<group>";
		};
		ABB5AF6E28BC52530011AAC7 /* ModelInfo */ = {
			isa = PBXGroup;
			children = (
				ABB5AFC928BDDF750011AAC7 /* Private */,
				ABB5AFBA28BC91860011AAC7 /* GMLClassInfo.h */,
				ABB5AFBB28BC91860011AAC7 /* GMLClassInfo.m */,
				ABB5AFC428BDA6850011AAC7 /* GMLPropertyInfo.h */,
				ABB5AFC528BDA6850011AAC7 /* GMLPropertyInfo.m */,
				ABB5AFE128BEF3680011AAC7 /* GMLClassInfo+GMLFilter.h */,
				ABB5AFE228BEF3680011AAC7 /* GMLClassInfo+GMLFilter.m */,
				ABB5AFCB28BDDFDC0011AAC7 /* GMLIvarInfo.h */,
				ABB5AFCC28BDDFDC0011AAC7 /* GMLIvarInfo.m */,
				ABB5AFCE28BDE2EC0011AAC7 /* GMLMethodInfo.h */,
				ABB5AFCF28BDE2EC0011AAC7 /* GMLMethodInfo.m */,
				ABB5AFDB28BDFA150011AAC7 /* GMLObjectCompareConfiguration.h */,
				ABB5AFDC28BDFA150011AAC7 /* GMLObjectCompareConfiguration.m */,
			);
			path = ModelInfo;
			sourceTree = "<group>";
		};
		ABB5AFC928BDDF750011AAC7 /* Private */ = {
			isa = PBXGroup;
			children = (
				ABB5AFCA28BDDF870011AAC7 /* GMLRuntimePrivate.h */,
			);
			path = Private;
			sourceTree = "<group>";
		};
		ABDB9D65283B35BA007FDD41 = {
			isa = PBXGroup;
			children = (
				ABDB9D71283B35BA007FDD41 /* GML-OC */,
				ABDB9D7D283B35BA007FDD41 /* GML-OCTests */,
				ABDB9DCC283C6E0A007FDD41 /* TestLineCommand */,
				AB22DF982884FBF600181E48 /* GMLTest */,
				AB22DFB42884FBF900181E48 /* GMLTestTests */,
				AB22DFBE2884FBF900181E48 /* GMLTestUITests */,
				ABDB9D70283B35BA007FDD41 /* Products */,
				ABDB9DC6283C6CC5007FDD41 /* TestPlayground.playground */,
				AB22DFCE2884FC2400181E48 /* Frameworks */,
			);
			sourceTree = "<group>";
		};
		ABDB9D70283B35BA007FDD41 /* Products */ = {
			isa = PBXGroup;
			children = (
				ABDB9D6F283B35BA007FDD41 /* GML_OC.framework */,
				ABDB9D79283B35BA007FDD41 /* GML-OCTests.xctest */,
				ABDB9DCB283C6E0A007FDD41 /* TestLineCommand */,
				AB22DF972884FBF600181E48 /* GMLTest.app */,
				AB22DFB12884FBF900181E48 /* GMLTestTests.xctest */,
				AB22DFBB2884FBF900181E48 /* GMLTestUITests.xctest */,
			);
			name = Products;
			sourceTree = "<group>";
		};
		ABDB9D71283B35BA007FDD41 /* GML-OC */ = {
			isa = PBXGroup;
			children = (
				ABDB9D72283B35BA007FDD41 /* GML_OC.h */,
				ABB5AF3828B5C1BE0011AAC7 /* Module */,
				AB962348289B69310052E135 /* Dispatch */,
				AB96232E289A75590052E135 /* CoreAnimation */,
				AB962328289A63DF0052E135 /* CoreGraphics */,
				AB46BB5A2881461800C3B30B /* Foundation */,
				ABDB9DF1283CE368007FDD41 /* Defines */,
				ABDB9DA8283B5A0F007FDD41 /* UIKit */,
				ABDB9D8E283B4404007FDD41 /* Test */,
				ABDB9D89283B35CE007FDD41 /* Runtime */,
				ABDB9D73283B35BA007FDD41 /* GML_OC.docc */,
			);
			path = "GML-OC";
			sourceTree = "<group>";
		};
		ABDB9D7D283B35BA007FDD41 /* GML-OCTests */ = {
			isa = PBXGroup;
			children = (
				ABDB9D7E283B35BA007FDD41 /* GML_OCTests.m */,
			);
			path = "GML-OCTests";
			sourceTree = "<group>";
		};
		ABDB9D89283B35CE007FDD41 /* Runtime */ = {
			isa = PBXGroup;
			children = (
				ABB5AF6C28B8AE240011AAC7 /* Defines */,
				ABDB9D8A283B3605007FDD41 /* Runtime+GMLAdd.h */,
				ABDB9D8B283B3605007FDD41 /* Runtime+GMLAdd.m */,
			);
			path = Runtime;
			sourceTree = "<group>";
		};
		ABDB9D8E283B4404007FDD41 /* Test */ = {
			isa = PBXGroup;
			children = (
				ABDB9D93283B5396007FDD41 /* GMLTest.h */,
				ABDB9D94283B5396007FDD41 /* GMLTest.m */,
			);
			path = Test;
			sourceTree = "<group>";
		};
		ABDB9DA8283B5A0F007FDD41 /* UIKit */ = {
			isa = PBXGroup;
			children = (
				AB96239D28A645B50052E135 /* Geometry */,
				AB96238628A4A7D00052E135 /* Drawing */,
				ABDB9DA9283B5A19007FDD41 /* Views&Controllers */,
				AB96239328A4D8270052E135 /* GMLUIKitExtensionHeader.h */,
			);
			path = UIKit;
			sourceTree = "<group>";
		};
		ABDB9DA9283B5A19007FDD41 /* Views&Controllers */ = {
			isa = PBXGroup;
			children = (
				AB962337289A858A0052E135 /* Base */,
				AB9622E6289A59760052E135 /* Button */,
				AB13553B28780D3D003AAEE6 /* GMLAlertController */,
				ABDB9DBE283B6437007FDD41 /* Private */,
			);
			path = "Views&Controllers";
			sourceTree = "<group>";
		};
		ABDB9DAA283B5A3F007FDD41 /* GMLNavigationController */ = {
			isa = PBXGroup;
			children = (
				ABDB9DBD283B6417007FDD41 /* Internal */,
				ABDB9DBC283B63FD007FDD41 /* Public */,
			);
			path = GMLNavigationController;
			sourceTree = "<group>";
		};
		ABDB9DAF283B5A94007FDD41 /* Manager */ = {
			isa = PBXGroup;
			children = (
				ABDB9DDE283C7DE3007FDD41 /* GMLNavigationBarAppearanceManager.h */,
				ABDB9DDF283C7DE3007FDD41 /* GMLNavigationBarAppearanceManager.m */,
				ABDB9DE8283CB6CB007FDD41 /* GMLConfigureNavigationControllerManager.h */,
				ABDB9DE9283CB6CB007FDD41 /* GMLConfigureNavigationControllerManager.m */,
			);
			path = Manager;
			sourceTree = "<group>";
		};
		ABDB9DBC283B63FD007FDD41 /* Public */ = {
			isa = PBXGroup;
			children = (
				ABDB9DAB283B5A55007FDD41 /* GMLNavigationController.h */,
				ABDB9DAC283B5A55007FDD41 /* GMLNavigationController.m */,
				ABDB9DD6283C7C3E007FDD41 /* Model */,
				ABDB9DDB283C7C75007FDD41 /* Protocol */,
			);
			path = Public;
			sourceTree = "<group>";
		};
		ABDB9DBD283B6417007FDD41 /* Internal */ = {
			isa = PBXGroup;
			children = (
				ABDB9DE5283CAF4F007FDD41 /* Defines */,
				ABDB9DE4283CAF23007FDD41 /* Model */,
				ABDB9DAF283B5A94007FDD41 /* Manager */,
			);
			path = Internal;
			sourceTree = "<group>";
		};
		ABDB9DBE283B6437007FDD41 /* Private */ = {
			isa = PBXGroup;
			children = (
				ABDB9DE2283CAEE8007FDD41 /* Defines */,
				ABDB9DE3283CAEF1007FDD41 /* Model */,
				ABDB9DB5283B5D9E007FDD41 /* UIViewController+GMLViewStateAdd.h */,
				ABDB9DB6283B5D9E007FDD41 /* UIViewController+GMLViewStateAdd.m */,
			);
			path = Private;
			sourceTree = "<group>";
		};
		ABDB9DCC283C6E0A007FDD41 /* TestLineCommand */ = {
			isa = PBXGroup;
			children = (
				ABDB9DCD283C6E0A007FDD41 /* main.m */,
				ABB5AF6E28BC52530011AAC7 /* ModelInfo */,
			);
			path = TestLineCommand;
			sourceTree = "<group>";
		};
		ABDB9DD6283C7C3E007FDD41 /* Model */ = {
			isa = PBXGroup;
			children = (
				ABDB9DD2283C7BE0007FDD41 /* GMLNavigationBarAppearance.h */,
				ABDB9DD3283C7BE0007FDD41 /* GMLNavigationBarAppearance.m */,
			);
			path = Model;
			sourceTree = "<group>";
		};
		ABDB9DDB283C7C75007FDD41 /* Protocol */ = {
			isa = PBXGroup;
			children = (
				ABDB9DDC283C7C89007FDD41 /* GMLConfigureNavigationControllerProtocol.h */,
				ABDB9DE6283CAFD9007FDD41 /* GMLNavigationBarAppearanceProtocol.h */,
			);
			path = Protocol;
			sourceTree = "<group>";
		};
		ABDB9DE2283CAEE8007FDD41 /* Defines */ = {
			isa = PBXGroup;
			children = (
				ABDB9DC3283B659F007FDD41 /* GMLViewControllerViewStateDefine.h */,
			);
			path = Defines;
			sourceTree = "<group>";
		};
		ABDB9DE3283CAEF1007FDD41 /* Model */ = {
			isa = PBXGroup;
			children = (
				ABDB9DBF283B64DD007FDD41 /* GMLViewControllerViewStateItem.h */,
				ABDB9DC0283B64DD007FDD41 /* GMLViewControllerViewStateItem.m */,
			);
			path = Model;
			sourceTree = "<group>";
		};
		ABDB9DE4283CAF23007FDD41 /* Model */ = {
			isa = PBXGroup;
			children = (
				ABDB9DD7283C7C5B007FDD41 /* GMLNavigationBarAppearanceItem.h */,
				ABDB9DD8283C7C5B007FDD41 /* GMLNavigationBarAppearanceItem.m */,
			);
			path = Model;
			sourceTree = "<group>";
		};
		ABDB9DE5283CAF4F007FDD41 /* Defines */ = {
			isa = PBXGroup;
			children = (
				ABDB9DEC283CB818007FDD41 /* GMLConfigureNavigationControllerDefines.h */,
			);
			path = Defines;
			sourceTree = "<group>";
		};
		ABDB9DF1283CE368007FDD41 /* Defines */ = {
			isa = PBXGroup;
			children = (
				AB96233E289B61DD0052E135 /* Macros */,
			);
			path = Defines;
			sourceTree = "<group>";
		};
		ABDE332628AB38DF00E7E7CB /* Processes */ = {
			isa = PBXGroup;
			children = (
				ABDE332B28AB392600E7E7CB /* Internal */,
				ABDE332728AB390200E7E7CB /* GMLOperation.h */,
				ABDE332828AB390200E7E7CB /* GMLOperation.m */,
			);
			path = Processes;
			sourceTree = "<group>";
		};
		ABDE332B28AB392600E7E7CB /* Internal */ = {
			isa = PBXGroup;
			children = (
				ABDE332C28AB395400E7E7CB /* GMLOperation+Private.h */,
			);
			path = Internal;
			sourceTree = "<group>";
		};
/* End PBXGroup section */

/* Begin PBXHeadersBuildPhase section */
		ABDB9D6A283B35BA007FDD41 /* Headers */ = {
			isa = PBXHeadersBuildPhase;
			buildActionMask = 2147483647;
			files = (
				ABB5AF3E28B5C7E70011AAC7 /* GMLDataCompare.h in Headers */,
				AB96232D289A74930052E135 /* GMLRadianAngle.h in Headers */,
				ABDB9DE0283C7DE3007FDD41 /* GMLNavigationBarAppearanceManager.h in Headers */,
				AB96239C28A645750052E135 /* CGAffineTransform+GMLAdd.h in Headers */,
				ABDB9DEF283CDC54007FDD41 /* GMLViewControllerViewStateDefine.h in Headers */,
				AB96231D289A606D0052E135 /* GMLArrowBubbleControl.h in Headers */,
				ABDB9DD9283C7C5B007FDD41 /* GMLNavigationBarAppearanceItem.h in Headers */,
				ABDB9DEA283CB6CB007FDD41 /* GMLConfigureNavigationControllerManager.h in Headers */,
				AB96233B289B58C50052E135 /* GMLCoreAnimationHeader.h in Headers */,
				AB962320289A606D0052E135 /* GMLMultiAngleLayer.h in Headers */,
				ABDB9DED283CDC23007FDD41 /* GMLConfigureNavigationControllerProtocol.h in Headers */,
				ABDB9D8C283B3605007FDD41 /* Runtime+GMLAdd.h in Headers */,
				AB96239428A4D8820052E135 /* GMLUIKitExtensionHeader.h in Headers */,
				AB46BB5E2881464400C3B30B /* GMLTimerAdapter.h in Headers */,
				AB96239F28A646CF0052E135 /* UIEdgeInsets+GMLAdd.h in Headers */,
				AB96232B289A64A40052E135 /* CGGeometry+GMLAdd.h in Headers */,
				AB962321289A606D0052E135 /* GMLMultiAngleDefineHeader.h in Headers */,
				ABDB9DF0283CDE43007FDD41 /* GMLNavigationBarAppearanceProtocol.h in Headers */,
				ABA9BFAC283CF50500EE3F54 /* GML_OC.h in Headers */,
				AB962353289CAC820052E135 /* NSSet+GMLAdd.h in Headers */,
				ABDE332928AB390200E7E7CB /* GMLOperation.h in Headers */,
				AB962339289B57B20052E135 /* GMLMultiAngleHeader.h in Headers */,
				AB96237228A353C90052E135 /* GMLCalendarManager.h in Headers */,
				AB9622EA289A598E0052E135 /* CGButton.h in Headers */,
				AB962322289A606D0052E135 /* GMLMultiAngleProtocol.h in Headers */,
				AB962341289B635B0052E135 /* GMLDataCompareMacro.h in Headers */,
				AB13554528780E25003AAEE6 /* GMLAlertConfigurationProtocol.h in Headers */,
				AB46BB6728814C1C00C3B30B /* GMLTimeConfiguration.h in Headers */,
				AB9FA56C2888005A00A08C7C /* GMLDispatch.h in Headers */,
				AB96233D289B59160052E135 /* GMLCoreGraphicsHeader.h in Headers */,
				AB962344289B65030052E135 /* GMLUIKitMacro.h in Headers */,
				ABDB9DC1283B64DD007FDD41 /* GMLViewControllerViewStateItem.h in Headers */,
				AB962324289A606D0052E135 /* GMLMultiAngleView.h in Headers */,
				ABDB9D95283B5396007FDD41 /* GMLTest.h in Headers */,
				AB9622F1289A5C0E0052E135 /* UIView+GMLAreaAdd.h in Headers */,
				AB962342289B63620052E135 /* GMLPropertyMacro.h in Headers */,
				AB96238F28A4AE120052E135 /* NSString+GMLAdd.h in Headers */,
				AB96238928A4A7E50052E135 /* UIColor+GMLAdd.h in Headers */,
				AB9FA58F288A8E5900A08C7C /* NSArray+GMLAdd.h in Headers */,
				AB96237728A354F10052E135 /* GMLDateDefines.h in Headers */,
				ABDB9DAD283B5A55007FDD41 /* GMLNavigationController.h in Headers */,
				AB962332289A759B0052E135 /* CALayer+GMLAdd.h in Headers */,
				ABA07A60288E3E320053373B /* GMLMacrosHeader.h in Headers */,
				ABDB9DEE283CDC48007FDD41 /* GMLConfigureNavigationControllerDefines.h in Headers */,
				AB962327289A60DE0052E135 /* GMLLineGradientTypeHeader.h in Headers */,
				AB9622EC289A5A8E0052E135 /* CGButtonDefinesHeader.h in Headers */,
				AB96239228A4D77F0052E135 /* GMLFoundationExtensionHeader.h in Headers */,
				AB13553E28780D52003AAEE6 /* UIAlertController+GMLAdd.h in Headers */,
				ABDB9DB7283B5D9E007FDD41 /* UIViewController+GMLViewStateAdd.h in Headers */,
				ABDB9DD4283C7BE0007FDD41 /* GMLNavigationBarAppearance.h in Headers */,
			);
			runOnlyForDeploymentPostprocessing = 0;
		};
/* End PBXHeadersBuildPhase section */

/* Begin PBXNativeTarget section */
		AB22DF962884FBF600181E48 /* GMLTest */ = {
			isa = PBXNativeTarget;
			buildConfigurationList = AB22DFC92884FBF900181E48 /* Build configuration list for PBXNativeTarget "GMLTest" */;
			buildPhases = (
				AB22DF932884FBF600181E48 /* Sources */,
				AB22DF942884FBF600181E48 /* Frameworks */,
				AB22DF952884FBF600181E48 /* Resources */,
				AB9FA53A288507AB00A08C7C /* Embed Frameworks */,
			);
			buildRules = (
			);
			dependencies = (
				AB22DFCD2884FC1E00181E48 /* PBXTargetDependency */,
			);
			name = GMLTest;
			productName = GMLTest;
			productReference = AB22DF972884FBF600181E48 /* GMLTest.app */;
			productType = "com.apple.product-type.application";
		};
		AB22DFB02884FBF900181E48 /* GMLTestTests */ = {
			isa = PBXNativeTarget;
			buildConfigurationList = AB22DFCA2884FBF900181E48 /* Build configuration list for PBXNativeTarget "GMLTestTests" */;
			buildPhases = (
				AB22DFAD2884FBF900181E48 /* Sources */,
				AB22DFAE2884FBF900181E48 /* Frameworks */,
				AB22DFAF2884FBF900181E48 /* Resources */,
			);
			buildRules = (
			);
			dependencies = (
				AB22DFB32884FBF900181E48 /* PBXTargetDependency */,
			);
			name = GMLTestTests;
			productName = GMLTestTests;
			productReference = AB22DFB12884FBF900181E48 /* GMLTestTests.xctest */;
			productType = "com.apple.product-type.bundle.unit-test";
		};
		AB22DFBA2884FBF900181E48 /* GMLTestUITests */ = {
			isa = PBXNativeTarget;
			buildConfigurationList = AB22DFCB2884FBF900181E48 /* Build configuration list for PBXNativeTarget "GMLTestUITests" */;
			buildPhases = (
				AB22DFB72884FBF900181E48 /* Sources */,
				AB22DFB82884FBF900181E48 /* Frameworks */,
				AB22DFB92884FBF900181E48 /* Resources */,
			);
			buildRules = (
			);
			dependencies = (
				AB22DFBD2884FBF900181E48 /* PBXTargetDependency */,
			);
			name = GMLTestUITests;
			productName = GMLTestUITests;
			productReference = AB22DFBB2884FBF900181E48 /* GMLTestUITests.xctest */;
			productType = "com.apple.product-type.bundle.ui-testing";
		};
		ABDB9D6E283B35BA007FDD41 /* GML-OC */ = {
			isa = PBXNativeTarget;
			buildConfigurationList = ABDB9D83283B35BA007FDD41 /* Build configuration list for PBXNativeTarget "GML-OC" */;
			buildPhases = (
				ABDB9D6A283B35BA007FDD41 /* Headers */,
				ABDB9D6B283B35BA007FDD41 /* Sources */,
				ABDB9D6C283B35BA007FDD41 /* Frameworks */,
				ABDB9D6D283B35BA007FDD41 /* Resources */,
			);
			buildRules = (
			);
			dependencies = (
			);
			name = "GML-OC";
			productName = "GML-OC";
			productReference = ABDB9D6F283B35BA007FDD41 /* GML_OC.framework */;
			productType = "com.apple.product-type.framework";
		};
		ABDB9D78283B35BA007FDD41 /* GML-OCTests */ = {
			isa = PBXNativeTarget;
			buildConfigurationList = ABDB9D86283B35BA007FDD41 /* Build configuration list for PBXNativeTarget "GML-OCTests" */;
			buildPhases = (
				ABDB9D75283B35BA007FDD41 /* Sources */,
				ABDB9D76283B35BA007FDD41 /* Frameworks */,
				ABDB9D77283B35BA007FDD41 /* Resources */,
			);
			buildRules = (
			);
			dependencies = (
				ABDB9D7C283B35BA007FDD41 /* PBXTargetDependency */,
			);
			name = "GML-OCTests";
			productName = "GML-OCTests";
			productReference = ABDB9D79283B35BA007FDD41 /* GML-OCTests.xctest */;
			productType = "com.apple.product-type.bundle.unit-test";
		};
		ABDB9DCA283C6E0A007FDD41 /* TestLineCommand */ = {
			isa = PBXNativeTarget;
			buildConfigurationList = ABDB9DCF283C6E0A007FDD41 /* Build configuration list for PBXNativeTarget "TestLineCommand" */;
			buildPhases = (
				ABDB9DC7283C6E0A007FDD41 /* Sources */,
				ABDB9DC8283C6E0A007FDD41 /* Frameworks */,
				ABDB9DC9283C6E0A007FDD41 /* CopyFiles */,
			);
			buildRules = (
			);
			dependencies = (
			);
			name = TestLineCommand;
			productName = TestLineCommand;
			productReference = ABDB9DCB283C6E0A007FDD41 /* TestLineCommand */;
			productType = "com.apple.product-type.tool";
		};
/* End PBXNativeTarget section */

/* Begin PBXProject section */
		ABDB9D66283B35BA007FDD41 /* Project object */ = {
			isa = PBXProject;
			attributes = {
				BuildIndependentTargetsInParallel = 1;
				LastUpgradeCheck = 1340;
				TargetAttributes = {
					AB22DF962884FBF600181E48 = {
						CreatedOnToolsVersion = 13.4.1;
					};
					AB22DFB02884FBF900181E48 = {
						CreatedOnToolsVersion = 13.4.1;
						TestTargetID = AB22DF962884FBF600181E48;
					};
					AB22DFBA2884FBF900181E48 = {
						CreatedOnToolsVersion = 13.4.1;
						TestTargetID = AB22DF962884FBF600181E48;
					};
					ABDB9D6E283B35BA007FDD41 = {
						CreatedOnToolsVersion = 13.4;
					};
					ABDB9D78283B35BA007FDD41 = {
						CreatedOnToolsVersion = 13.4;
					};
					ABDB9DCA283C6E0A007FDD41 = {
						CreatedOnToolsVersion = 13.4;
					};
				};
			};
			buildConfigurationList = ABDB9D69283B35BA007FDD41 /* Build configuration list for PBXProject "GML-OC" */;
			compatibilityVersion = "Xcode 13.0";
			developmentRegion = en;
			hasScannedForEncodings = 0;
			knownRegions = (
				en,
				Base,
			);
			mainGroup = ABDB9D65283B35BA007FDD41;
			productRefGroup = ABDB9D70283B35BA007FDD41 /* Products */;
			projectDirPath = "";
			projectRoot = "";
			targets = (
				ABDB9D6E283B35BA007FDD41 /* GML-OC */,
				ABDB9D78283B35BA007FDD41 /* GML-OCTests */,
				ABDB9DCA283C6E0A007FDD41 /* TestLineCommand */,
				AB22DF962884FBF600181E48 /* GMLTest */,
				AB22DFB02884FBF900181E48 /* GMLTestTests */,
				AB22DFBA2884FBF900181E48 /* GMLTestUITests */,
			);
		};
/* End PBXProject section */

/* Begin PBXResourcesBuildPhase section */
		AB22DF952884FBF600181E48 /* Resources */ = {
			isa = PBXResourcesBuildPhase;
			buildActionMask = 2147483647;
			files = (
				AB22DFA92884FBF900181E48 /* LaunchScreen.storyboard in Resources */,
				AB22DFA62884FBF900181E48 /* Assets.xcassets in Resources */,
				AB22DFA42884FBF600181E48 /* Main.storyboard in Resources */,
			);
			runOnlyForDeploymentPostprocessing = 0;
		};
		AB22DFAF2884FBF900181E48 /* Resources */ = {
			isa = PBXResourcesBuildPhase;
			buildActionMask = 2147483647;
			files = (
			);
			runOnlyForDeploymentPostprocessing = 0;
		};
		AB22DFB92884FBF900181E48 /* Resources */ = {
			isa = PBXResourcesBuildPhase;
			buildActionMask = 2147483647;
			files = (
			);
			runOnlyForDeploymentPostprocessing = 0;
		};
		ABDB9D6D283B35BA007FDD41 /* Resources */ = {
			isa = PBXResourcesBuildPhase;
			buildActionMask = 2147483647;
			files = (
			);
			runOnlyForDeploymentPostprocessing = 0;
		};
		ABDB9D77283B35BA007FDD41 /* Resources */ = {
			isa = PBXResourcesBuildPhase;
			buildActionMask = 2147483647;
			files = (
			);
			runOnlyForDeploymentPostprocessing = 0;
		};
/* End PBXResourcesBuildPhase section */

/* Begin PBXSourcesBuildPhase section */
		AB22DF932884FBF600181E48 /* Sources */ = {
			isa = PBXSourcesBuildPhase;
			buildActionMask = 2147483647;
			files = (
				AB22DFA12884FBF600181E48 /* ViewController.m in Sources */,
				AB22DF9B2884FBF600181E48 /* AppDelegate.m in Sources */,
				AB22DFAC2884FBF900181E48 /* main.m in Sources */,
				AB22DF9E2884FBF600181E48 /* SceneDelegate.m in Sources */,
			);
			runOnlyForDeploymentPostprocessing = 0;
		};
		AB22DFAD2884FBF900181E48 /* Sources */ = {
			isa = PBXSourcesBuildPhase;
			buildActionMask = 2147483647;
			files = (
				AB22DFB62884FBF900181E48 /* GMLTestTests.m in Sources */,
			);
			runOnlyForDeploymentPostprocessing = 0;
		};
		AB22DFB72884FBF900181E48 /* Sources */ = {
			isa = PBXSourcesBuildPhase;
			buildActionMask = 2147483647;
			files = (
				AB22DFC02884FBF900181E48 /* GMLTestUITests.m in Sources */,
				AB22DFC22884FBF900181E48 /* GMLTestUITestsLaunchTests.m in Sources */,
			);
			runOnlyForDeploymentPostprocessing = 0;
		};
		ABDB9D6B283B35BA007FDD41 /* Sources */ = {
			isa = PBXSourcesBuildPhase;
			buildActionMask = 2147483647;
			files = (
				ABDB9DAE283B5A55007FDD41 /* GMLNavigationController.m in Sources */,
				AB9622E9289A598E0052E135 /* CGButton.m in Sources */,
				AB96231F289A606D0052E135 /* GMLMultiAngleLayer.m in Sources */,
				AB962354289CAC820052E135 /* NSSet+GMLAdd.m in Sources */,
				AB96237328A353C90052E135 /* GMLCalendarManager.m in Sources */,
				ABDE332A28AB390200E7E7CB /* GMLOperation.m in Sources */,
				ABDB9DDA283C7C5B007FDD41 /* GMLNavigationBarAppearanceItem.m in Sources */,
				ABDB9DB8283B5D9E007FDD41 /* UIViewController+GMLViewStateAdd.m in Sources */,
				ABDB9D74283B35BA007FDD41 /* GML_OC.docc in Sources */,
				ABDB9DD5283C7BE0007FDD41 /* GMLNavigationBarAppearance.m in Sources */,
				AB96231E289A606D0052E135 /* GMLArrowBubbleControl.m in Sources */,
				ABB5AF3F28B5C7E70011AAC7 /* GMLDataCompare.m in Sources */,
				ABDB9DEB283CB6CB007FDD41 /* GMLConfigureNavigationControllerManager.m in Sources */,
				ABDB9DE1283C7DE3007FDD41 /* GMLNavigationBarAppearanceManager.m in Sources */,
				ABDB9DC2283B64DD007FDD41 /* GMLViewControllerViewStateItem.m in Sources */,
				AB9622F2289A5C0E0052E135 /* UIView+GMLAreaAdd.m in Sources */,
				AB962323289A606D0052E135 /* GMLMultiAngleView.m in Sources */,
				AB96238A28A4A7E50052E135 /* UIColor+GMLAdd.m in Sources */,
				AB13553F28780D52003AAEE6 /* UIAlertController+GMLAdd.m in Sources */,
				AB96237628A354280052E135 /* GMLDateDefines.m in Sources */,
				AB46BB5F2881464400C3B30B /* GMLTimerAdapter.m in Sources */,
				AB96239028A4AE120052E135 /* NSString+GMLAdd.m in Sources */,
				ABDB9D8D283B3605007FDD41 /* Runtime+GMLAdd.m in Sources */,
				AB962333289A759B0052E135 /* CALayer+GMLAdd.m in Sources */,
				ABDB9D96283B5396007FDD41 /* GMLTest.m in Sources */,
				AB9FA590288A8E5900A08C7C /* NSArray+GMLAdd.m in Sources */,
				AB9FA56E28880D1900A08C7C /* GMLDispatch.m in Sources */,
			);
			runOnlyForDeploymentPostprocessing = 0;
		};
		ABDB9D75283B35BA007FDD41 /* Sources */ = {
			isa = PBXSourcesBuildPhase;
			buildActionMask = 2147483647;
			files = (
				ABDB9D7F283B35BA007FDD41 /* GML_OCTests.m in Sources */,
			);
			runOnlyForDeploymentPostprocessing = 0;
		};
		ABDB9DC7283C6E0A007FDD41 /* Sources */ = {
			isa = PBXSourcesBuildPhase;
			buildActionMask = 2147483647;
			files = (
				ABB5AFE328BEF3680011AAC7 /* GMLClassInfo+GMLFilter.m in Sources */,
				AB22DFD3288502AB00181E48 /* GMLTimerAdapter.m in Sources */,
				AB9623AE28AA39250052E135 /* GMLCalendarManager.m in Sources */,
				ABB5AF6428B773F80011AAC7 /* Runtime+GMLAdd.m in Sources */,
				ABDB9DCE283C6E0A007FDD41 /* main.m in Sources */,
				ABB5AFDD28BDFA150011AAC7 /* GMLObjectCompareConfiguration.m in Sources */,
				ABB5AFCD28BDDFDC0011AAC7 /* GMLIvarInfo.m in Sources */,
				ABB5AFD028BDE2EC0011AAC7 /* GMLMethodInfo.m in Sources */,
				ABB5AFBC28BC91860011AAC7 /* GMLClassInfo.m in Sources */,
				ABB5AFC628BDA6850011AAC7 /* GMLPropertyInfo.m in Sources */,
				AB9623AF28AA392A0052E135 /* GMLDateDefines.m in Sources */,
			);
			runOnlyForDeploymentPostprocessing = 0;
		};
/* End PBXSourcesBuildPhase section */

/* Begin PBXTargetDependency section */
		AB22DFB32884FBF900181E48 /* PBXTargetDependency */ = {
			isa = PBXTargetDependency;
			target = AB22DF962884FBF600181E48 /* GMLTest */;
			targetProxy = AB22DFB22884FBF900181E48 /* PBXContainerItemProxy */;
		};
		AB22DFBD2884FBF900181E48 /* PBXTargetDependency */ = {
			isa = PBXTargetDependency;
			target = AB22DF962884FBF600181E48 /* GMLTest */;
			targetProxy = AB22DFBC2884FBF900181E48 /* PBXContainerItemProxy */;
		};
		AB22DFCD2884FC1E00181E48 /* PBXTargetDependency */ = {
			isa = PBXTargetDependency;
			target = ABDB9D6E283B35BA007FDD41 /* GML-OC */;
			targetProxy = AB22DFCC2884FC1E00181E48 /* PBXContainerItemProxy */;
		};
		ABDB9D7C283B35BA007FDD41 /* PBXTargetDependency */ = {
			isa = PBXTargetDependency;
			target = ABDB9D6E283B35BA007FDD41 /* GML-OC */;
			targetProxy = ABDB9D7B283B35BA007FDD41 /* PBXContainerItemProxy */;
		};
/* End PBXTargetDependency section */

/* Begin PBXVariantGroup section */
		AB22DFA22884FBF600181E48 /* Main.storyboard */ = {
			isa = PBXVariantGroup;
			children = (
				AB22DFA32884FBF600181E48 /* Base */,
			);
			name = Main.storyboard;
			sourceTree = "<group>";
		};
		AB22DFA72884FBF900181E48 /* LaunchScreen.storyboard */ = {
			isa = PBXVariantGroup;
			children = (
				AB22DFA82884FBF900181E48 /* Base */,
			);
			name = LaunchScreen.storyboard;
			sourceTree = "<group>";
		};
/* End PBXVariantGroup section */

/* Begin XCBuildConfiguration section */
		AB22DFC32884FBF900181E48 /* Debug */ = {
			isa = XCBuildConfiguration;
			buildSettings = {
				ASSETCATALOG_COMPILER_APPICON_NAME = AppIcon;
				ASSETCATALOG_COMPILER_GLOBAL_ACCENT_COLOR_NAME = AccentColor;
				CLANG_WARN_QUOTED_INCLUDE_IN_FRAMEWORK_HEADER = YES;
				CODE_SIGN_STYLE = Automatic;
				CURRENT_PROJECT_VERSION = 1;
				DEVELOPMENT_TEAM = 29W9687J6A;
				GENERATE_INFOPLIST_FILE = YES;
				INFOPLIST_FILE = GMLTest/Info.plist;
				INFOPLIST_KEY_UIApplicationSupportsIndirectInputEvents = YES;
				INFOPLIST_KEY_UILaunchStoryboardName = LaunchScreen;
				INFOPLIST_KEY_UIMainStoryboardFile = Main;
				INFOPLIST_KEY_UISupportedInterfaceOrientations_iPad = "UIInterfaceOrientationPortrait UIInterfaceOrientationPortraitUpsideDown UIInterfaceOrientationLandscapeLeft UIInterfaceOrientationLandscapeRight";
				INFOPLIST_KEY_UISupportedInterfaceOrientations_iPhone = "UIInterfaceOrientationPortrait UIInterfaceOrientationLandscapeLeft UIInterfaceOrientationLandscapeRight";
				IPHONEOS_DEPLOYMENT_TARGET = 13.0;
				LD_RUNPATH_SEARCH_PATHS = (
					"$(inherited)",
					"@executable_path/Frameworks",
				);
				MARKETING_VERSION = 1.0;
				PRODUCT_BUNDLE_IDENTIFIER = com.ym.GMLTest;
				PRODUCT_NAME = "$(TARGET_NAME)";
				SWIFT_EMIT_LOC_STRINGS = YES;
				TARGETED_DEVICE_FAMILY = "1,2";
			};
			name = Debug;
		};
		AB22DFC42884FBF900181E48 /* Release */ = {
			isa = XCBuildConfiguration;
			buildSettings = {
				ASSETCATALOG_COMPILER_APPICON_NAME = AppIcon;
				ASSETCATALOG_COMPILER_GLOBAL_ACCENT_COLOR_NAME = AccentColor;
				CLANG_WARN_QUOTED_INCLUDE_IN_FRAMEWORK_HEADER = YES;
				CODE_SIGN_STYLE = Automatic;
				CURRENT_PROJECT_VERSION = 1;
				DEVELOPMENT_TEAM = 29W9687J6A;
				GENERATE_INFOPLIST_FILE = YES;
				INFOPLIST_FILE = GMLTest/Info.plist;
				INFOPLIST_KEY_UIApplicationSupportsIndirectInputEvents = YES;
				INFOPLIST_KEY_UILaunchStoryboardName = LaunchScreen;
				INFOPLIST_KEY_UIMainStoryboardFile = Main;
				INFOPLIST_KEY_UISupportedInterfaceOrientations_iPad = "UIInterfaceOrientationPortrait UIInterfaceOrientationPortraitUpsideDown UIInterfaceOrientationLandscapeLeft UIInterfaceOrientationLandscapeRight";
				INFOPLIST_KEY_UISupportedInterfaceOrientations_iPhone = "UIInterfaceOrientationPortrait UIInterfaceOrientationLandscapeLeft UIInterfaceOrientationLandscapeRight";
				IPHONEOS_DEPLOYMENT_TARGET = 13.0;
				LD_RUNPATH_SEARCH_PATHS = (
					"$(inherited)",
					"@executable_path/Frameworks",
				);
				MARKETING_VERSION = 1.0;
				PRODUCT_BUNDLE_IDENTIFIER = com.ym.GMLTest;
				PRODUCT_NAME = "$(TARGET_NAME)";
				SWIFT_EMIT_LOC_STRINGS = YES;
				TARGETED_DEVICE_FAMILY = "1,2";
			};
			name = Release;
		};
		AB22DFC52884FBF900181E48 /* Debug */ = {
			isa = XCBuildConfiguration;
			buildSettings = {
				BUNDLE_LOADER = "$(TEST_HOST)";
				CODE_SIGN_STYLE = Automatic;
				CURRENT_PROJECT_VERSION = 1;
				DEVELOPMENT_TEAM = 4988F477YX;
				GENERATE_INFOPLIST_FILE = YES;
				IPHONEOS_DEPLOYMENT_TARGET = 15.5;
				MARKETING_VERSION = 1.0;
				PRODUCT_BUNDLE_IDENTIFIER = com.cj.GMLTestTests;
				PRODUCT_NAME = "$(TARGET_NAME)";
				SWIFT_EMIT_LOC_STRINGS = NO;
				TARGETED_DEVICE_FAMILY = "1,2";
				TEST_HOST = "$(BUILT_PRODUCTS_DIR)/GMLTest.app/GMLTest";
			};
			name = Debug;
		};
		AB22DFC62884FBF900181E48 /* Release */ = {
			isa = XCBuildConfiguration;
			buildSettings = {
				BUNDLE_LOADER = "$(TEST_HOST)";
				CODE_SIGN_STYLE = Automatic;
				CURRENT_PROJECT_VERSION = 1;
				DEVELOPMENT_TEAM = 4988F477YX;
				GENERATE_INFOPLIST_FILE = YES;
				IPHONEOS_DEPLOYMENT_TARGET = 15.5;
				MARKETING_VERSION = 1.0;
				PRODUCT_BUNDLE_IDENTIFIER = com.cj.GMLTestTests;
				PRODUCT_NAME = "$(TARGET_NAME)";
				SWIFT_EMIT_LOC_STRINGS = NO;
				TARGETED_DEVICE_FAMILY = "1,2";
				TEST_HOST = "$(BUILT_PRODUCTS_DIR)/GMLTest.app/GMLTest";
			};
			name = Release;
		};
		AB22DFC72884FBF900181E48 /* Debug */ = {
			isa = XCBuildConfiguration;
			buildSettings = {
				CODE_SIGN_STYLE = Automatic;
				CURRENT_PROJECT_VERSION = 1;
				DEVELOPMENT_TEAM = 4988F477YX;
				GENERATE_INFOPLIST_FILE = YES;
				MARKETING_VERSION = 1.0;
				PRODUCT_BUNDLE_IDENTIFIER = com.cj.GMLTestUITests;
				PRODUCT_NAME = "$(TARGET_NAME)";
				SWIFT_EMIT_LOC_STRINGS = NO;
				TARGETED_DEVICE_FAMILY = "1,2";
				TEST_TARGET_NAME = GMLTest;
			};
			name = Debug;
		};
		AB22DFC82884FBF900181E48 /* Release */ = {
			isa = XCBuildConfiguration;
			buildSettings = {
				CODE_SIGN_STYLE = Automatic;
				CURRENT_PROJECT_VERSION = 1;
				DEVELOPMENT_TEAM = 4988F477YX;
				GENERATE_INFOPLIST_FILE = YES;
				MARKETING_VERSION = 1.0;
				PRODUCT_BUNDLE_IDENTIFIER = com.cj.GMLTestUITests;
				PRODUCT_NAME = "$(TARGET_NAME)";
				SWIFT_EMIT_LOC_STRINGS = NO;
				TARGETED_DEVICE_FAMILY = "1,2";
				TEST_TARGET_NAME = GMLTest;
			};
			name = Release;
		};
		ABDB9D81283B35BA007FDD41 /* Debug */ = {
			isa = XCBuildConfiguration;
			buildSettings = {
				ALWAYS_SEARCH_USER_PATHS = NO;
				CLANG_ANALYZER_NONNULL = YES;
				CLANG_ANALYZER_NUMBER_OBJECT_CONVERSION = YES_AGGRESSIVE;
				CLANG_CXX_LANGUAGE_STANDARD = "gnu++17";
				CLANG_ENABLE_MODULES = YES;
				CLANG_ENABLE_OBJC_ARC = YES;
				CLANG_ENABLE_OBJC_WEAK = YES;
				CLANG_WARN_BLOCK_CAPTURE_AUTORELEASING = YES;
				CLANG_WARN_BOOL_CONVERSION = YES;
				CLANG_WARN_COMMA = YES;
				CLANG_WARN_CONSTANT_CONVERSION = YES;
				CLANG_WARN_DEPRECATED_OBJC_IMPLEMENTATIONS = YES;
				CLANG_WARN_DIRECT_OBJC_ISA_USAGE = YES_ERROR;
				CLANG_WARN_DOCUMENTATION_COMMENTS = YES;
				CLANG_WARN_EMPTY_BODY = YES;
				CLANG_WARN_ENUM_CONVERSION = YES;
				CLANG_WARN_INFINITE_RECURSION = YES;
				CLANG_WARN_INT_CONVERSION = YES;
				CLANG_WARN_NON_LITERAL_NULL_CONVERSION = YES;
				CLANG_WARN_OBJC_IMPLICIT_RETAIN_SELF = YES;
				CLANG_WARN_OBJC_LITERAL_CONVERSION = YES;
				CLANG_WARN_OBJC_ROOT_CLASS = YES_ERROR;
				CLANG_WARN_QUOTED_INCLUDE_IN_FRAMEWORK_HEADER = YES;
				CLANG_WARN_RANGE_LOOP_ANALYSIS = YES;
				CLANG_WARN_STRICT_PROTOTYPES = YES;
				CLANG_WARN_SUSPICIOUS_MOVE = YES;
				CLANG_WARN_UNGUARDED_AVAILABILITY = YES_AGGRESSIVE;
				CLANG_WARN_UNREACHABLE_CODE = YES;
				CLANG_WARN__DUPLICATE_METHOD_MATCH = YES;
				COPY_PHASE_STRIP = NO;
				CURRENT_PROJECT_VERSION = 1;
				DEBUG_INFORMATION_FORMAT = dwarf;
				ENABLE_STRICT_OBJC_MSGSEND = YES;
				ENABLE_TESTABILITY = YES;
				GCC_C_LANGUAGE_STANDARD = gnu11;
				GCC_DYNAMIC_NO_PIC = NO;
				GCC_NO_COMMON_BLOCKS = YES;
				GCC_OPTIMIZATION_LEVEL = 0;
				GCC_PREPROCESSOR_DEFINITIONS = (
					"DEBUG=1",
					"$(inherited)",
				);
				GCC_WARN_64_TO_32_BIT_CONVERSION = YES;
				GCC_WARN_ABOUT_RETURN_TYPE = YES_ERROR;
				GCC_WARN_UNDECLARED_SELECTOR = YES;
				GCC_WARN_UNINITIALIZED_AUTOS = YES_AGGRESSIVE;
				GCC_WARN_UNUSED_FUNCTION = YES;
				GCC_WARN_UNUSED_VARIABLE = YES;
				IPHONEOS_DEPLOYMENT_TARGET = 15.5;
				MTL_ENABLE_DEBUG_INFO = INCLUDE_SOURCE;
				MTL_FAST_MATH = YES;
				ONLY_ACTIVE_ARCH = YES;
				SDKROOT = iphoneos;
				VERSIONING_SYSTEM = "apple-generic";
				VERSION_INFO_PREFIX = "";
			};
			name = Debug;
		};
		ABDB9D82283B35BA007FDD41 /* Release */ = {
			isa = XCBuildConfiguration;
			buildSettings = {
				ALWAYS_SEARCH_USER_PATHS = NO;
				CLANG_ANALYZER_NONNULL = YES;
				CLANG_ANALYZER_NUMBER_OBJECT_CONVERSION = YES_AGGRESSIVE;
				CLANG_CXX_LANGUAGE_STANDARD = "gnu++17";
				CLANG_ENABLE_MODULES = YES;
				CLANG_ENABLE_OBJC_ARC = YES;
				CLANG_ENABLE_OBJC_WEAK = YES;
				CLANG_WARN_BLOCK_CAPTURE_AUTORELEASING = YES;
				CLANG_WARN_BOOL_CONVERSION = YES;
				CLANG_WARN_COMMA = YES;
				CLANG_WARN_CONSTANT_CONVERSION = YES;
				CLANG_WARN_DEPRECATED_OBJC_IMPLEMENTATIONS = YES;
				CLANG_WARN_DIRECT_OBJC_ISA_USAGE = YES_ERROR;
				CLANG_WARN_DOCUMENTATION_COMMENTS = YES;
				CLANG_WARN_EMPTY_BODY = YES;
				CLANG_WARN_ENUM_CONVERSION = YES;
				CLANG_WARN_INFINITE_RECURSION = YES;
				CLANG_WARN_INT_CONVERSION = YES;
				CLANG_WARN_NON_LITERAL_NULL_CONVERSION = YES;
				CLANG_WARN_OBJC_IMPLICIT_RETAIN_SELF = YES;
				CLANG_WARN_OBJC_LITERAL_CONVERSION = YES;
				CLANG_WARN_OBJC_ROOT_CLASS = YES_ERROR;
				CLANG_WARN_QUOTED_INCLUDE_IN_FRAMEWORK_HEADER = YES;
				CLANG_WARN_RANGE_LOOP_ANALYSIS = YES;
				CLANG_WARN_STRICT_PROTOTYPES = YES;
				CLANG_WARN_SUSPICIOUS_MOVE = YES;
				CLANG_WARN_UNGUARDED_AVAILABILITY = YES_AGGRESSIVE;
				CLANG_WARN_UNREACHABLE_CODE = YES;
				CLANG_WARN__DUPLICATE_METHOD_MATCH = YES;
				COPY_PHASE_STRIP = NO;
				CURRENT_PROJECT_VERSION = 1;
				DEBUG_INFORMATION_FORMAT = "dwarf-with-dsym";
				ENABLE_NS_ASSERTIONS = NO;
				ENABLE_STRICT_OBJC_MSGSEND = YES;
				GCC_C_LANGUAGE_STANDARD = gnu11;
				GCC_NO_COMMON_BLOCKS = YES;
				GCC_WARN_64_TO_32_BIT_CONVERSION = YES;
				GCC_WARN_ABOUT_RETURN_TYPE = YES_ERROR;
				GCC_WARN_UNDECLARED_SELECTOR = YES;
				GCC_WARN_UNINITIALIZED_AUTOS = YES_AGGRESSIVE;
				GCC_WARN_UNUSED_FUNCTION = YES;
				GCC_WARN_UNUSED_VARIABLE = YES;
				IPHONEOS_DEPLOYMENT_TARGET = 15.5;
				MTL_ENABLE_DEBUG_INFO = NO;
				MTL_FAST_MATH = YES;
				SDKROOT = iphoneos;
				VALIDATE_PRODUCT = YES;
				VERSIONING_SYSTEM = "apple-generic";
				VERSION_INFO_PREFIX = "";
			};
			name = Release;
		};
		ABDB9D84283B35BA007FDD41 /* Debug */ = {
			isa = XCBuildConfiguration;
			buildSettings = {
				CODE_SIGN_IDENTITY = "Apple Development";
				CODE_SIGN_STYLE = Automatic;
				CURRENT_PROJECT_VERSION = 1;
				DEFINES_MODULE = YES;
				DEVELOPMENT_TEAM = 29W9687J6A;
				DYLIB_COMPATIBILITY_VERSION = 1;
				DYLIB_CURRENT_VERSION = 1;
				DYLIB_INSTALL_NAME_BASE = "@rpath";
				GENERATE_INFOPLIST_FILE = YES;
				INFOPLIST_KEY_NSHumanReadableCopyright = "";
				INSTALL_PATH = "$(LOCAL_LIBRARY_DIR)/Frameworks";
				IPHONEOS_DEPLOYMENT_TARGET = 12.0;
				LD_RUNPATH_SEARCH_PATHS = (
					"$(inherited)",
					"@executable_path/Frameworks",
					"@loader_path/Frameworks",
				);
				MARKETING_VERSION = 1.0;
				PRODUCT_BUNDLE_IDENTIFIER = "com.ym.GML-OC";
				PRODUCT_NAME = "$(TARGET_NAME:c99extidentifier)";
				SKIP_INSTALL = YES;
				SWIFT_EMIT_LOC_STRINGS = YES;
				TARGETED_DEVICE_FAMILY = "1,2";
			};
			name = Debug;
		};
		ABDB9D85283B35BA007FDD41 /* Release */ = {
			isa = XCBuildConfiguration;
			buildSettings = {
				CODE_SIGN_IDENTITY = "Apple Development";
				CODE_SIGN_STYLE = Automatic;
				CURRENT_PROJECT_VERSION = 1;
				DEFINES_MODULE = YES;
				DEVELOPMENT_TEAM = 29W9687J6A;
				DYLIB_COMPATIBILITY_VERSION = 1;
				DYLIB_CURRENT_VERSION = 1;
				DYLIB_INSTALL_NAME_BASE = "@rpath";
				GENERATE_INFOPLIST_FILE = YES;
				INFOPLIST_KEY_NSHumanReadableCopyright = "";
				INSTALL_PATH = "$(LOCAL_LIBRARY_DIR)/Frameworks";
				IPHONEOS_DEPLOYMENT_TARGET = 12.0;
				LD_RUNPATH_SEARCH_PATHS = (
					"$(inherited)",
					"@executable_path/Frameworks",
					"@loader_path/Frameworks",
				);
				MARKETING_VERSION = 1.0;
				PRODUCT_BUNDLE_IDENTIFIER = "com.ym.GML-OC";
				PRODUCT_NAME = "$(TARGET_NAME:c99extidentifier)";
				SKIP_INSTALL = YES;
				SWIFT_EMIT_LOC_STRINGS = YES;
				TARGETED_DEVICE_FAMILY = "1,2";
			};
			name = Release;
		};
		ABDB9D87283B35BA007FDD41 /* Debug */ = {
			isa = XCBuildConfiguration;
			buildSettings = {
				CODE_SIGN_STYLE = Automatic;
				CURRENT_PROJECT_VERSION = 1;
				GENERATE_INFOPLIST_FILE = YES;
				MARKETING_VERSION = 1.0;
				PRODUCT_BUNDLE_IDENTIFIER = "com.ym.GML-OCTests";
				PRODUCT_NAME = "$(TARGET_NAME)";
				SWIFT_EMIT_LOC_STRINGS = NO;
				TARGETED_DEVICE_FAMILY = "1,2";
			};
			name = Debug;
		};
		ABDB9D88283B35BA007FDD41 /* Release */ = {
			isa = XCBuildConfiguration;
			buildSettings = {
				CODE_SIGN_STYLE = Automatic;
				CURRENT_PROJECT_VERSION = 1;
				GENERATE_INFOPLIST_FILE = YES;
				MARKETING_VERSION = 1.0;
				PRODUCT_BUNDLE_IDENTIFIER = "com.ym.GML-OCTests";
				PRODUCT_NAME = "$(TARGET_NAME)";
				SWIFT_EMIT_LOC_STRINGS = NO;
				TARGETED_DEVICE_FAMILY = "1,2";
			};
			name = Release;
		};
		ABDB9DD0283C6E0A007FDD41 /* Debug */ = {
			isa = XCBuildConfiguration;
			buildSettings = {
				CODE_SIGN_STYLE = Automatic;
				MACOSX_DEPLOYMENT_TARGET = 12.2;
				PRODUCT_NAME = "$(TARGET_NAME)";
				SDKROOT = macosx;
			};
			name = Debug;
		};
		ABDB9DD1283C6E0A007FDD41 /* Release */ = {
			isa = XCBuildConfiguration;
			buildSettings = {
				CODE_SIGN_STYLE = Automatic;
				MACOSX_DEPLOYMENT_TARGET = 12.2;
				PRODUCT_NAME = "$(TARGET_NAME)";
				SDKROOT = macosx;
			};
			name = Release;
		};
/* End XCBuildConfiguration section */

/* Begin XCConfigurationList section */
		AB22DFC92884FBF900181E48 /* Build configuration list for PBXNativeTarget "GMLTest" */ = {
			isa = XCConfigurationList;
			buildConfigurations = (
				AB22DFC32884FBF900181E48 /* Debug */,
				AB22DFC42884FBF900181E48 /* Release */,
			);
			defaultConfigurationIsVisible = 0;
			defaultConfigurationName = Release;
		};
		AB22DFCA2884FBF900181E48 /* Build configuration list for PBXNativeTarget "GMLTestTests" */ = {
			isa = XCConfigurationList;
			buildConfigurations = (
				AB22DFC52884FBF900181E48 /* Debug */,
				AB22DFC62884FBF900181E48 /* Release */,
			);
			defaultConfigurationIsVisible = 0;
			defaultConfigurationName = Release;
		};
		AB22DFCB2884FBF900181E48 /* Build configuration list for PBXNativeTarget "GMLTestUITests" */ = {
			isa = XCConfigurationList;
			buildConfigurations = (
				AB22DFC72884FBF900181E48 /* Debug */,
				AB22DFC82884FBF900181E48 /* Release */,
			);
			defaultConfigurationIsVisible = 0;
			defaultConfigurationName = Release;
		};
		ABDB9D69283B35BA007FDD41 /* Build configuration list for PBXProject "GML-OC" */ = {
			isa = XCConfigurationList;
			buildConfigurations = (
				ABDB9D81283B35BA007FDD41 /* Debug */,
				ABDB9D82283B35BA007FDD41 /* Release */,
			);
			defaultConfigurationIsVisible = 0;
			defaultConfigurationName = Release;
		};
		ABDB9D83283B35BA007FDD41 /* Build configuration list for PBXNativeTarget "GML-OC" */ = {
			isa = XCConfigurationList;
			buildConfigurations = (
				ABDB9D84283B35BA007FDD41 /* Debug */,
				ABDB9D85283B35BA007FDD41 /* Release */,
			);
			defaultConfigurationIsVisible = 0;
			defaultConfigurationName = Release;
		};
		ABDB9D86283B35BA007FDD41 /* Build configuration list for PBXNativeTarget "GML-OCTests" */ = {
			isa = XCConfigurationList;
			buildConfigurations = (
				ABDB9D87283B35BA007FDD41 /* Debug */,
				ABDB9D88283B35BA007FDD41 /* Release */,
			);
			defaultConfigurationIsVisible = 0;
			defaultConfigurationName = Release;
		};
		ABDB9DCF283C6E0A007FDD41 /* Build configuration list for PBXNativeTarget "TestLineCommand" */ = {
			isa = XCConfigurationList;
			buildConfigurations = (
				ABDB9DD0283C6E0A007FDD41 /* Debug */,
				ABDB9DD1283C6E0A007FDD41 /* Release */,
			);
			defaultConfigurationIsVisible = 0;
			defaultConfigurationName = Release;
		};
/* End XCConfigurationList section */
	};
	rootObject = ABDB9D66283B35BA007FDD41 /* Project object */;
}
